
PODS:
- CrittercismSDK (3.4.8)
- ECSlidingViewController (0.9.0)
- GoogleAnalytics-iOS-SDK (1.5.1)
- TestFlightSDK (1.2)

DEPENDENCIES:
- CrittercismSDK
- ECSlidingViewController
- GoogleAnalytics-iOS-SDK (~> 1.5.1)
- TestFlightSDK

SPEC CHECKSUMS:
  CrittercismSDK: b1bc7bd00979398e15c7ab5d6291c047aa182035
  ECSlidingViewController: 87676976e3bf717e058f032eb161890d5e6350ca
  GoogleAnalytics-iOS-SDK: 6ab69448894a4ef324ae18db4fd0447ffddea7fd
  TestFlightSDK: 29e194fb148e4861f92e4c1195b9697e1f3ad19a

COCOAPODS: 0.16.0
