PODS:
  - Appirater (2.0.2)
  - BlocksKit (2.0.0):
    - BlocksKit/All
  - BlocksKit/All (2.0.0):
    - BlocksKit/Core
    - BlocksKit/DynamicDelegate
    - BlocksKit/MessageUI
    - BlocksKit/UIKit
  - BlocksKit/Core (2.0.0)
  - BlocksKit/DynamicDelegate (2.0.0):
    - libffi
  - BlocksKit/MessageUI (2.0.0):
    - BlocksKit/DynamicDelegate
  - BlocksKit/UIKit (2.0.0):
    - BlocksKit/DynamicDelegate
  - Dropbox-iOS-SDK (1.3.9)
  - FormatterKit/UnitOfInformationFormatter (1.3.1)
  - FRLayeredNavigationController (0.4.4)
  - GoogleAnalytics-iOS-SDK (2.0beta4)
  - iNotify (1.5.5)
  - KIF (2.0.0)
  - libffi (3.0.13)
  - MagicalRecord (2.2)
  - MBProgressHUD (0.8)
  - PonyDebugger (0.3.0):
    - SocketRocket
  - QuickDialog (0.8)
  - RMStore (0.4.2):
    - RMStore/AppReceiptVerificator
    - RMStore/Core
    - RMStore/KeychainPersistence
    - RMStore/NSUserDefaultsPersistence
    - RMStore/OpenSSL
    - RMStore/TransactionReceiptVerificator
  - RMStore/Core (0.4.2)
  - RMStore/KeychainPersistence (0.4.2):
    - RMStore/Core
  - RMStore/NSUserDefaultsPersistence (0.4.2):
    - RMStore/Core
  - RMStore/OpenSSL (0.4.2)
  - RMStore/TransactionReceiptVerificator (0.4.2):
    - RMStore/Core
  - SocketRocket (0.3.1-beta2)
  - SYPaginator (1.0.0)
  - TDBadgedCell (2.3)
  - TestFlightSDK (2.0.2)
  - uservoice-iphone-sdk (2.0.13)

DEPENDENCIES:
  - Appirater
  - BlocksKit
  - Dropbox-iOS-SDK
  - FormatterKit/UnitOfInformationFormatter
  - FRLayeredNavigationController (from `https://github.com/deepflame/FRLayeredNavigationController`)
  - GoogleAnalytics-iOS-SDK (= 2.0beta4)
  - iNotify
  - KIF (~> 2.0)
  - MagicalRecord
  - MBProgressHUD
  - PonyDebugger
  - QuickDialog (~> 0.8.0)
  - RMStore
  - SYPaginator
  - TDBadgedCell (from `Other Sources/podspecs/TDBadgedCell.podspec`)
  - TestFlightSDK (~> 2.0.0)
  - uservoice-iphone-sdk

EXTERNAL SOURCES:
  FRLayeredNavigationController:
    :git: https://github.com/deepflame/FRLayeredNavigationController
  TDBadgedCell:
    :podspec: Other Sources/podspecs/TDBadgedCell.podspec

SPEC CHECKSUMS:
  Appirater: 32fb9089615b5e542c7ad7b5749741a8aed55290
  BlocksKit: b29ee3f28ba06a09f5c64987314ce5b75b2c3962
  Dropbox-iOS-SDK: 1a8850056b1bd54bc023bd268e1e6f4d6ee9d7a5
  FormatterKit: 1238e7a6800c750a5f50f5fec1cc430d8e3b71e7
  FRLayeredNavigationController: 04fb7520e6b06ff33702aaff7e9034040068005e
  GoogleAnalytics-iOS-SDK: acf0f1ac4dcac408d17e7766454918b7e9e2b03a
  iNotify: ba25d4a32c1e9407acc565a252f0d9cc7bc6ffbc
  KIF: ff3b46deb62ce3f8e99c6a2c786729e1eea241ba
  libffi: 64ef39353e747bb2b25e1026afd96a157bf9231c
  MagicalRecord: b1fc46c99a9749fe7fe7e6f43a89b62ef5201933
  MBProgressHUD: 2bbc6f470111daf7f3eaa4eb12b8cbf01c4c0622
  PonyDebugger: b8b504d18c6fe8cfe904295d8e908b076bdfa291
  QuickDialog: 465692c7c599ad41a0c46022c55779dd61a4d4fe
  RMStore: 5f2b9b125b2d05670a5d11327d56bc6205ef0fd1
  SocketRocket: 7ac946bcce46287a791dfff3c1f8daa692821dae
  SYPaginator: 067fbdbdbd1bb282228e28e87b992d21cf70f90a
  TDBadgedCell: dbf1dd2b99c11db97ee66deb889aa5152d8a4198
  TestFlightSDK: 0811097c1f831afb71f68ccd07ae71325cb90f43
  uservoice-iphone-sdk: f7e81122561535cd7c838e2e069f185222066c91

COCOAPODS: 0.28.0
