// !$*UTF8*$!
{
	archiveVersion = 1;
	classes = {
	};
	objectVersion = 46;
	objects = {

/* Begin PBXBuildFile section */
		3E120C3214F91DD400926A74 /* Song+OpenSong.m in Sources */ = {isa = PBXBuildFile; fileRef = 3E120C3114F91DD400926A74 /* Song+OpenSong.m */; };
		3E120C3614F9203900926A74 /* NSString+JavaScript.m in Sources */ = {isa = PBXBuildFile; fileRef = 3E120C3514F9203900926A74 /* NSString+JavaScript.m */; };
		3E120C6414FA1C3900926A74 /* iOpenSongs.xcdatamodeld in Sources */ = {isa = PBXBuildFile; fileRef = 3E120C6214FA1C3900926A74 /* iOpenSongs.xcdatamodeld */; };
		3E355B9714F1FB8A00E49942 /* ProgramIcon57.png in Resources */ = {isa = PBXBuildFile; fileRef = 3E355B9614F1FB8A00E49942 /* ProgramIcon57.png */; };
		3E35844B151E100E00137FC4 /* RevealSidebarController.m in Sources */ = {isa = PBXBuildFile; fileRef = 3E35844A151E100E00137FC4 /* RevealSidebarController.m */; };
		3E35844D151E120F00137FC4 /* nav_menu_icon@2x.png in Resources */ = {isa = PBXBuildFile; fileRef = 3E35844C151E120F00137FC4 /* nav_menu_icon@2x.png */; };
		3E3872AF16EB1676003A0DCC /* Song.m in Sources */ = {isa = PBXBuildFile; fileRef = 3E3872AE16EB1676003A0DCC /* Song.m */; };
		3E586F1614E2A8D200345743 /* ios.css in Resources */ = {isa = PBXBuildFile; fileRef = 3E586F1514E2A8D200345743 /* ios.css */; };
		3E5E878514DD7680003B645A /* HtmlViewController.m in Sources */ = {isa = PBXBuildFile; fileRef = 3E5E878414DD7680003B645A /* HtmlViewController.m */; };
		3E5E878814DE556C003B645A /* default.css in Resources */ = {isa = PBXBuildFile; fileRef = 3E5E878714DE556C003B645A /* default.css */; };
		3E5E878B14DE61CB003B645A /* about.html in Resources */ = {isa = PBXBuildFile; fileRef = 3E5E878A14DE61CB003B645A /* about.html */; };
		3E5E879014DE63B5003B645A /* ExtrasTableViewController.m in Sources */ = {isa = PBXBuildFile; fileRef = 3E5E878F14DE63B5003B645A /* ExtrasTableViewController.m */; };
		3E61E7E116EED0230012D34A /* NSString+SectionIndex.m in Sources */ = {isa = PBXBuildFile; fileRef = 3E61E7E016EED0230012D34A /* NSString+SectionIndex.m */; };
		3E637B0216CFDEF400514793 /* glyphicons_244_conversation.png in Resources */ = {isa = PBXBuildFile; fileRef = 3E637B0016CFDEF400514793 /* glyphicons_244_conversation.png */; };
		3E637B0316CFDEF400514793 /* glyphicons_244_conversation@2x.png in Resources */ = {isa = PBXBuildFile; fileRef = 3E637B0116CFDEF400514793 /* glyphicons_244_conversation@2x.png */; };
		3E637B0C16D0CB2A00514793 /* IOpenSongsUVStyleSheet.m in Sources */ = {isa = PBXBuildFile; fileRef = 3E637B0B16D0CB2A00514793 /* IOpenSongsUVStyleSheet.m */; };
		3E663A8F14B836CD009F1340 /* SongTemplate.html in Resources */ = {isa = PBXBuildFile; fileRef = 3E663A8E14B836CD009F1340 /* SongTemplate.html */; };
		3E6C470A1525EDAA00164540 /* RKXMLParserLibXML.m in Sources */ = {isa = PBXBuildFile; fileRef = 3E120C6614FA270F00926A74 /* RKXMLParserLibXML.m */; };
		3E6C470F1525EE2200164540 /* opensong.css in Resources */ = {isa = PBXBuildFile; fileRef = 3E6C470E1525EE2200164540 /* opensong.css */; };
		3E6C47141525EE4400164540 /* jquery-1.7.1.min.js in Resources */ = {isa = PBXBuildFile; fileRef = 3E6C47101525EE2C00164540 /* jquery-1.7.1.min.js */; };
		3E6C47151525EE4400164540 /* opensong.js in Resources */ = {isa = PBXBuildFile; fileRef = 3E6C47111525EE2C00164540 /* opensong.js */; };
		3E7A5DD3155BFB1F00E16222 /* glyphicons_158_playlist.png in Resources */ = {isa = PBXBuildFile; fileRef = 3E7A5DD1155BFB1F00E16222 /* glyphicons_158_playlist.png */; };
		3E7A5DD4155BFB1F00E16222 /* glyphicons_158_playlist@2x.png in Resources */ = {isa = PBXBuildFile; fileRef = 3E7A5DD2155BFB1F00E16222 /* glyphicons_158_playlist@2x.png */; };
		3E7F1B6315847150008C222F /* SongTableViewController.m in Sources */ = {isa = PBXBuildFile; fileRef = 3E7F1B6215847150008C222F /* SongTableViewController.m */; };
		3E7F1B66158476BC008C222F /* SetItemSongsTableViewController.m in Sources */ = {isa = PBXBuildFile; fileRef = 3E7F1B65158476BC008C222F /* SetItemSongsTableViewController.m */; };
		3E7F1BA5158499A9008C222F /* glyphicons_381_github.png in Resources */ = {isa = PBXBuildFile; fileRef = 3E7F1BA3158499A9008C222F /* glyphicons_381_github.png */; };
		3E7F1BA6158499A9008C222F /* glyphicons_381_github@2x.png in Resources */ = {isa = PBXBuildFile; fileRef = 3E7F1BA4158499A9008C222F /* glyphicons_381_github@2x.png */; };
		3E7F8814160CCCED004EB8E6 /* SetItem.m in Sources */ = {isa = PBXBuildFile; fileRef = 3E7F8813160CCCED004EB8E6 /* SetItem.m */; };
		3E7F8817160CCCEE004EB8E6 /* SetItemSong.m in Sources */ = {isa = PBXBuildFile; fileRef = 3E7F8816160CCCEE004EB8E6 /* SetItemSong.m */; };
		3E7F881A160CCCEE004EB8E6 /* Set.m in Sources */ = {isa = PBXBuildFile; fileRef = 3E7F8819160CCCEE004EB8E6 /* Set.m */; };
		3E9A923A1529648400AA6B57 /* ProgramIcon114.png in Resources */ = {isa = PBXBuildFile; fileRef = 3E9A92391529648400AA6B57 /* ProgramIcon114.png */; };
		3E9A923C152964F600AA6B57 /* ProgramIcon144.png in Resources */ = {isa = PBXBuildFile; fileRef = 3E9A923B152964F600AA6B57 /* ProgramIcon144.png */; };
		3EA0BB9816D119B500D7D97D /* libxml2.dylib in Frameworks */ = {isa = PBXBuildFile; fileRef = 3EA0BB9716D119B500D7D97D /* libxml2.dylib */; };
		3EA0BB9F16D121C800D7D97D /* Amazing grace in Resources */ = {isa = PBXBuildFile; fileRef = 3EA0BB9D16D121C800D7D97D /* Amazing grace */; };
		3EA0BBA016D121C800D7D97D /* Sample Song in Resources */ = {isa = PBXBuildFile; fileRef = 3EA0BB9E16D121C800D7D97D /* Sample Song */; };
		3EA890DD16A32B3600218AE7 /* Song+Import.m in Sources */ = {isa = PBXBuildFile; fileRef = 3EA890DC16A32B3600218AE7 /* Song+Import.m */; };
		3EAB665B160EC1D500149DA9 /* iPhone.storyboard in Resources */ = {isa = PBXBuildFile; fileRef = 3EAB665D160EC1D500149DA9 /* iPhone.storyboard */; };
		3EAB665F160ECE3100149DA9 /* Default-568h@2x.png in Resources */ = {isa = PBXBuildFile; fileRef = 3EAB665E160ECE3100149DA9 /* Default-568h@2x.png */; };
		3EC11EF016EB0691001747F3 /* Song+AccessorOverrides.m in Sources */ = {isa = PBXBuildFile; fileRef = 3EC11EEF16EB0691001747F3 /* Song+AccessorOverrides.m */; };
		3EC697E9155E06C500022C0E /* SetTableViewController.m in Sources */ = {isa = PBXBuildFile; fileRef = 3EC697E8155E06C400022C0E /* SetTableViewController.m */; };
		3ECC4B01155E711C0003FFC7 /* SetItemsTableViewController.m in Sources */ = {isa = PBXBuildFile; fileRef = 3ECC4B00155E711B0003FFC7 /* SetItemsTableViewController.m */; };
		3ED2C91D16CD223E0067C3DA /* Crashlytics.framework in Frameworks */ = {isa = PBXBuildFile; fileRef = 3ED2C91C16CD223E0067C3DA /* Crashlytics.framework */; };
		3EDDA40314AEC3A400BB781C /* UIKit.framework in Frameworks */ = {isa = PBXBuildFile; fileRef = 3EDDA40214AEC3A400BB781C /* UIKit.framework */; };
		3EDDA40514AEC3A400BB781C /* Foundation.framework in Frameworks */ = {isa = PBXBuildFile; fileRef = 3EDDA40414AEC3A400BB781C /* Foundation.framework */; };
		3EDDA40D14AEC3A400BB781C /* InfoPlist.strings in Resources */ = {isa = PBXBuildFile; fileRef = 3EDDA40B14AEC3A400BB781C /* InfoPlist.strings */; };
		3EDDA40F14AEC3A400BB781C /* main.m in Sources */ = {isa = PBXBuildFile; fileRef = 3EDDA40E14AEC3A400BB781C /* main.m */; };
		3EDDA41314AEC3A400BB781C /* AppDelegate.m in Sources */ = {isa = PBXBuildFile; fileRef = 3EDDA41214AEC3A400BB781C /* AppDelegate.m */; };
		3EDDA41614AEC3A400BB781C /* iPad.storyboard in Resources */ = {isa = PBXBuildFile; fileRef = 3EDDA41414AEC3A400BB781C /* iPad.storyboard */; };
		3EDDA41914AEC3A400BB781C /* SongViewController.m in Sources */ = {isa = PBXBuildFile; fileRef = 3EDDA41814AEC3A400BB781C /* SongViewController.m */; };
		3EDDA43F14B0596B00BB781C /* ProgramIcon72.png in Resources */ = {isa = PBXBuildFile; fileRef = 3EDDA43E14B0596B00BB781C /* ProgramIcon72.png */; };
		3EDDA47A14B098F700BB781C /* SongMasterViewController.m in Sources */ = {isa = PBXBuildFile; fileRef = 3EDDA47914B098F700BB781C /* SongMasterViewController.m */; };
		3EE0CE8616A2870200883F64 /* CoreDataTableViewController.m in Sources */ = {isa = PBXBuildFile; fileRef = 3EE0CE8516A2870200883F64 /* CoreDataTableViewController.m */; };
		3EE0DB3416EC19F1005C89C6 /* StartupViewController.m in Sources */ = {isa = PBXBuildFile; fileRef = 3EE0DB3316EC19F0005C89C6 /* StartupViewController.m */; };
		3EE891961521B52D001DA59A /* glyphicons_023_cogwheels@2x.png in Resources */ = {isa = PBXBuildFile; fileRef = 3EE891951521B52D001DA59A /* glyphicons_023_cogwheels@2x.png */; };
		3EE891991521B53E001DA59A /* glyphicons_017_music@2x.png in Resources */ = {isa = PBXBuildFile; fileRef = 3EE891971521B53E001DA59A /* glyphicons_017_music@2x.png */; };
		3EE891AD1521B9DE001DA59A /* glyphicons_017_music.png in Resources */ = {isa = PBXBuildFile; fileRef = 3EE891AB1521B9DE001DA59A /* glyphicons_017_music.png */; };
		3EE891B21521BBA9001DA59A /* StyleViewController.m in Sources */ = {isa = PBXBuildFile; fileRef = 3EE891B11521BBA9001DA59A /* StyleViewController.m */; };
		3EE891B51521C329001DA59A /* glyphicons_023_cogwheels.png in Resources */ = {isa = PBXBuildFile; fileRef = 3EE891B31521C329001DA59A /* glyphicons_023_cogwheels.png */; };
		3EF00CAE153E5F3E000A0C73 /* glyphicons_392_twitter.png in Resources */ = {isa = PBXBuildFile; fileRef = 3EF00CAC153E5F3E000A0C73 /* glyphicons_392_twitter.png */; };
		3EF00CAF153E5F3E000A0C73 /* glyphicons_392_twitter@2x.png in Resources */ = {isa = PBXBuildFile; fileRef = 3EF00CAD153E5F3E000A0C73 /* glyphicons_392_twitter@2x.png */; };
		3EF00CB2153E5F9C000A0C73 /* glyphicons_399_e-mail.png in Resources */ = {isa = PBXBuildFile; fileRef = 3EF00CB0153E5F9C000A0C73 /* glyphicons_399_e-mail.png */; };
		3EF00CB3153E5F9C000A0C73 /* glyphicons_399_e-mail@2x.png in Resources */ = {isa = PBXBuildFile; fileRef = 3EF00CB1153E5F9C000A0C73 /* glyphicons_399_e-mail@2x.png */; };
		ADFC964FED4F40AAB0DA560A /* libPods.a in Frameworks */ = {isa = PBXBuildFile; fileRef = 2DAA4B6E5367422FAD72E0EA /* libPods.a */; };
/* End PBXBuildFile section */

/* Begin PBXFileReference section */
		2DAA4B6E5367422FAD72E0EA /* libPods.a */ = {isa = PBXFileReference; explicitFileType = archive.ar; includeInIndex = 0; path = libPods.a; sourceTree = BUILT_PRODUCTS_DIR; };
		3E0AFE551533183C00B45224 /* iOpenSongs.entitlements */ = {isa = PBXFileReference; lastKnownFileType = text.xml; name = iOpenSongs.entitlements; path = Resources/iOpenSongs.entitlements; sourceTree = SOURCE_ROOT; };
		3E120C3014F91DD400926A74 /* Song+OpenSong.h */ = {isa = PBXFileReference; fileEncoding = 4; lastKnownFileType = sourcecode.c.h; path = "Song+OpenSong.h"; sourceTree = "<group>"; };
		3E120C3114F91DD400926A74 /* Song+OpenSong.m */ = {isa = PBXFileReference; fileEncoding = 4; lastKnownFileType = sourcecode.c.objc; path = "Song+OpenSong.m"; sourceTree = "<group>"; };
		3E120C3414F9203900926A74 /* NSString+JavaScript.h */ = {isa = PBXFileReference; fileEncoding = 4; lastKnownFileType = sourcecode.c.h; path = "NSString+JavaScript.h"; sourceTree = "<group>"; };
		3E120C3514F9203900926A74 /* NSString+JavaScript.m */ = {isa = PBXFileReference; fileEncoding = 4; lastKnownFileType = sourcecode.c.objc; path = "NSString+JavaScript.m"; sourceTree = "<group>"; };
		3E120C6314FA1C3900926A74 /* iOpenSongs 1.xcdatamodel */ = {isa = PBXFileReference; lastKnownFileType = wrapper.xcdatamodel; path = "iOpenSongs 1.xcdatamodel"; sourceTree = "<group>"; };
		3E120C6514FA270F00926A74 /* RKXMLParserLibXML.h */ = {isa = PBXFileReference; lastKnownFileType = sourcecode.c.h; path = RKXMLParserLibXML.h; sourceTree = "<group>"; };
		3E120C6614FA270F00926A74 /* RKXMLParserLibXML.m */ = {isa = PBXFileReference; lastKnownFileType = sourcecode.c.objc; path = RKXMLParserLibXML.m; sourceTree = "<group>"; };
		3E120C6814FA27B900926A74 /* RKParser.h */ = {isa = PBXFileReference; lastKnownFileType = sourcecode.c.h; path = RKParser.h; sourceTree = "<group>"; };
		3E355B9614F1FB8A00E49942 /* ProgramIcon57.png */ = {isa = PBXFileReference; lastKnownFileType = image.png; path = ProgramIcon57.png; sourceTree = "<group>"; };
		3E358449151E100E00137FC4 /* RevealSidebarController.h */ = {isa = PBXFileReference; fileEncoding = 4; lastKnownFileType = sourcecode.c.h; path = RevealSidebarController.h; sourceTree = "<group>"; };
		3E35844A151E100E00137FC4 /* RevealSidebarController.m */ = {isa = PBXFileReference; fileEncoding = 4; lastKnownFileType = sourcecode.c.objc; path = RevealSidebarController.m; sourceTree = "<group>"; };
		3E35844C151E120F00137FC4 /* nav_menu_icon@2x.png */ = {isa = PBXFileReference; lastKnownFileType = image.png; path = "nav_menu_icon@2x.png"; sourceTree = "<group>"; };
		3E3872AD16EB1676003A0DCC /* Song.h */ = {isa = PBXFileReference; fileEncoding = 4; lastKnownFileType = sourcecode.c.h; path = Song.h; sourceTree = "<group>"; };
		3E3872AE16EB1676003A0DCC /* Song.m */ = {isa = PBXFileReference; fileEncoding = 4; lastKnownFileType = sourcecode.c.objc; path = Song.m; sourceTree = "<group>"; };
		3E41E03F155D2F8D0023E599 /* iOpenSongs 2.xcdatamodel */ = {isa = PBXFileReference; lastKnownFileType = wrapper.xcdatamodel; path = "iOpenSongs 2.xcdatamodel"; sourceTree = "<group>"; };
		3E586F1514E2A8D200345743 /* ios.css */ = {isa = PBXFileReference; fileEncoding = 4; lastKnownFileType = text.css; path = ios.css; sourceTree = "<group>"; };
		3E5E878314DD7680003B645A /* HtmlViewController.h */ = {isa = PBXFileReference; fileEncoding = 4; lastKnownFileType = sourcecode.c.h; path = HtmlViewController.h; sourceTree = "<group>"; };
		3E5E878414DD7680003B645A /* HtmlViewController.m */ = {isa = PBXFileReference; fileEncoding = 4; lastKnownFileType = sourcecode.c.objc; path = HtmlViewController.m; sourceTree = "<group>"; };
		3E5E878714DE556C003B645A /* default.css */ = {isa = PBXFileReference; fileEncoding = 4; lastKnownFileType = text.css; path = default.css; sourceTree = "<group>"; };
		3E5E878A14DE61CB003B645A /* about.html */ = {isa = PBXFileReference; fileEncoding = 4; lastKnownFileType = text.html; path = about.html; sourceTree = "<group>"; };
		3E5E878E14DE63B5003B645A /* ExtrasTableViewController.h */ = {isa = PBXFileReference; fileEncoding = 4; lastKnownFileType = sourcecode.c.h; path = ExtrasTableViewController.h; sourceTree = "<group>"; };
		3E5E878F14DE63B5003B645A /* ExtrasTableViewController.m */ = {isa = PBXFileReference; fileEncoding = 4; lastKnownFileType = sourcecode.c.objc; path = ExtrasTableViewController.m; sourceTree = "<group>"; };
		3E61E7DF16EED0230012D34A /* NSString+SectionIndex.h */ = {isa = PBXFileReference; fileEncoding = 4; lastKnownFileType = sourcecode.c.h; path = "NSString+SectionIndex.h"; sourceTree = "<group>"; };
		3E61E7E016EED0230012D34A /* NSString+SectionIndex.m */ = {isa = PBXFileReference; fileEncoding = 4; lastKnownFileType = sourcecode.c.objc; path = "NSString+SectionIndex.m"; sourceTree = "<group>"; };
		3E637B0016CFDEF400514793 /* glyphicons_244_conversation.png */ = {isa = PBXFileReference; lastKnownFileType = image.png; name = glyphicons_244_conversation.png; path = Vendor/glyphicons/glyphicons_244_conversation.png; sourceTree = SOURCE_ROOT; };
		3E637B0116CFDEF400514793 /* glyphicons_244_conversation@2x.png */ = {isa = PBXFileReference; lastKnownFileType = image.png; name = "glyphicons_244_conversation@2x.png"; path = "Vendor/glyphicons/glyphicons_244_conversation@2x.png"; sourceTree = SOURCE_ROOT; };
		3E637B0A16D0CB2A00514793 /* IOpenSongsUVStyleSheet.h */ = {isa = PBXFileReference; fileEncoding = 4; lastKnownFileType = sourcecode.c.h; path = IOpenSongsUVStyleSheet.h; sourceTree = "<group>"; };
		3E637B0B16D0CB2A00514793 /* IOpenSongsUVStyleSheet.m */ = {isa = PBXFileReference; fileEncoding = 4; lastKnownFileType = sourcecode.c.objc; path = IOpenSongsUVStyleSheet.m; sourceTree = "<group>"; };
		3E663A8E14B836CD009F1340 /* SongTemplate.html */ = {isa = PBXFileReference; fileEncoding = 4; lastKnownFileType = text.html; path = SongTemplate.html; sourceTree = "<group>"; };
		3E6C470E1525EE2200164540 /* opensong.css */ = {isa = PBXFileReference; fileEncoding = 4; lastKnownFileType = text.css; name = opensong.css; path = Vendor/opensong.js/stylesheets/opensong.css; sourceTree = SOURCE_ROOT; };
		3E6C47101525EE2C00164540 /* jquery-1.7.1.min.js */ = {isa = PBXFileReference; fileEncoding = 4; lastKnownFileType = sourcecode.javascript; name = "jquery-1.7.1.min.js"; path = "Vendor/opensong.js/javascript/jquery-1.7.1.min.js"; sourceTree = SOURCE_ROOT; };
		3E6C47111525EE2C00164540 /* opensong.js */ = {isa = PBXFileReference; fileEncoding = 4; lastKnownFileType = sourcecode.javascript; name = opensong.js; path = Vendor/opensong.js/javascript/opensong.js; sourceTree = SOURCE_ROOT; };
		3E7A5DD1155BFB1F00E16222 /* glyphicons_158_playlist.png */ = {isa = PBXFileReference; lastKnownFileType = image.png; name = glyphicons_158_playlist.png; path = Vendor/glyphicons/glyphicons_158_playlist.png; sourceTree = SOURCE_ROOT; };
		3E7A5DD2155BFB1F00E16222 /* glyphicons_158_playlist@2x.png */ = {isa = PBXFileReference; lastKnownFileType = image.png; name = "glyphicons_158_playlist@2x.png"; path = "Vendor/glyphicons/glyphicons_158_playlist@2x.png"; sourceTree = SOURCE_ROOT; };
		3E7F1B6115847150008C222F /* SongTableViewController.h */ = {isa = PBXFileReference; fileEncoding = 4; lastKnownFileType = sourcecode.c.h; path = SongTableViewController.h; sourceTree = "<group>"; };
		3E7F1B6215847150008C222F /* SongTableViewController.m */ = {isa = PBXFileReference; fileEncoding = 4; lastKnownFileType = sourcecode.c.objc; path = SongTableViewController.m; sourceTree = "<group>"; };
		3E7F1B64158476BC008C222F /* SetItemSongsTableViewController.h */ = {isa = PBXFileReference; fileEncoding = 4; lastKnownFileType = sourcecode.c.h; path = SetItemSongsTableViewController.h; sourceTree = "<group>"; };
		3E7F1B65158476BC008C222F /* SetItemSongsTableViewController.m */ = {isa = PBXFileReference; fileEncoding = 4; lastKnownFileType = sourcecode.c.objc; path = SetItemSongsTableViewController.m; sourceTree = "<group>"; };
		3E7F1BA3158499A9008C222F /* glyphicons_381_github.png */ = {isa = PBXFileReference; lastKnownFileType = image.png; name = glyphicons_381_github.png; path = Vendor/glyphicons/glyphicons_381_github.png; sourceTree = SOURCE_ROOT; };
		3E7F1BA4158499A9008C222F /* glyphicons_381_github@2x.png */ = {isa = PBXFileReference; lastKnownFileType = image.png; name = "glyphicons_381_github@2x.png"; path = "Vendor/glyphicons/glyphicons_381_github@2x.png"; sourceTree = SOURCE_ROOT; };
		3E7F8812160CCCED004EB8E6 /* SetItem.h */ = {isa = PBXFileReference; fileEncoding = 4; lastKnownFileType = sourcecode.c.h; path = SetItem.h; sourceTree = "<group>"; };
		3E7F8813160CCCED004EB8E6 /* SetItem.m */ = {isa = PBXFileReference; fileEncoding = 4; lastKnownFileType = sourcecode.c.objc; path = SetItem.m; sourceTree = "<group>"; };
		3E7F8815160CCCEE004EB8E6 /* SetItemSong.h */ = {isa = PBXFileReference; fileEncoding = 4; lastKnownFileType = sourcecode.c.h; path = SetItemSong.h; sourceTree = "<group>"; };
		3E7F8816160CCCEE004EB8E6 /* SetItemSong.m */ = {isa = PBXFileReference; fileEncoding = 4; lastKnownFileType = sourcecode.c.objc; path = SetItemSong.m; sourceTree = "<group>"; };
		3E7F8818160CCCEE004EB8E6 /* Set.h */ = {isa = PBXFileReference; fileEncoding = 4; lastKnownFileType = sourcecode.c.h; path = Set.h; sourceTree = "<group>"; };
		3E7F8819160CCCEE004EB8E6 /* Set.m */ = {isa = PBXFileReference; fileEncoding = 4; lastKnownFileType = sourcecode.c.objc; path = Set.m; sourceTree = "<group>"; };
		3E865AF116CF6AEA000E9D98 /* Defines.h */ = {isa = PBXFileReference; lastKnownFileType = sourcecode.c.h; path = Defines.h; sourceTree = "<group>"; };
		3E9A92391529648400AA6B57 /* ProgramIcon114.png */ = {isa = PBXFileReference; lastKnownFileType = image.png; path = ProgramIcon114.png; sourceTree = "<group>"; };
		3E9A923B152964F600AA6B57 /* ProgramIcon144.png */ = {isa = PBXFileReference; lastKnownFileType = image.png; path = ProgramIcon144.png; sourceTree = "<group>"; };
		3EA0BB9716D119B500D7D97D /* libxml2.dylib */ = {isa = PBXFileReference; lastKnownFileType = "compiled.mach-o.dylib"; name = libxml2.dylib; path = usr/lib/libxml2.dylib; sourceTree = SDKROOT; };
		3EA0BB9D16D121C800D7D97D /* Amazing grace */ = {isa = PBXFileReference; fileEncoding = 4; lastKnownFileType = text.xml; name = "Amazing grace"; path = "Resources/Songs/Amazing grace"; sourceTree = SOURCE_ROOT; };
		3EA0BB9E16D121C800D7D97D /* Sample Song */ = {isa = PBXFileReference; fileEncoding = 4; lastKnownFileType = text.xml; name = "Sample Song"; path = "Resources/Songs/Sample Song"; sourceTree = SOURCE_ROOT; };
		3EA890DB16A32B3600218AE7 /* Song+Import.h */ = {isa = PBXFileReference; fileEncoding = 4; lastKnownFileType = sourcecode.c.h; path = "Song+Import.h"; sourceTree = "<group>"; };
		3EA890DC16A32B3600218AE7 /* Song+Import.m */ = {isa = PBXFileReference; fileEncoding = 4; lastKnownFileType = sourcecode.c.objc; path = "Song+Import.m"; sourceTree = "<group>"; };
		3EAB665C160EC1D500149DA9 /* en */ = {isa = PBXFileReference; lastKnownFileType = file.storyboard; name = en; path = en.lproj/iPhone.storyboard; sourceTree = "<group>"; };
		3EAB665E160ECE3100149DA9 /* Default-568h@2x.png */ = {isa = PBXFileReference; lastKnownFileType = image.png; path = "Default-568h@2x.png"; sourceTree = "<group>"; };
		3EC11EEE16EB0691001747F3 /* Song+PrimitiveAccessors.h */ = {isa = PBXFileReference; fileEncoding = 4; lastKnownFileType = sourcecode.c.h; path = "Song+PrimitiveAccessors.h"; sourceTree = "<group>"; };
		3EC11EEF16EB0691001747F3 /* Song+AccessorOverrides.m */ = {isa = PBXFileReference; fileEncoding = 4; lastKnownFileType = sourcecode.c.objc; path = "Song+AccessorOverrides.m"; sourceTree = "<group>"; };
		3EC697E7155E06C400022C0E /* SetTableViewController.h */ = {isa = PBXFileReference; fileEncoding = 4; lastKnownFileType = sourcecode.c.h; path = SetTableViewController.h; sourceTree = "<group>"; };
		3EC697E8155E06C400022C0E /* SetTableViewController.m */ = {isa = PBXFileReference; fileEncoding = 4; lastKnownFileType = sourcecode.c.objc; path = SetTableViewController.m; sourceTree = "<group>"; };
		3ECC4AFF155E711B0003FFC7 /* SetItemsTableViewController.h */ = {isa = PBXFileReference; fileEncoding = 4; lastKnownFileType = sourcecode.c.h; path = SetItemsTableViewController.h; sourceTree = "<group>"; };
		3ECC4B00155E711B0003FFC7 /* SetItemsTableViewController.m */ = {isa = PBXFileReference; fileEncoding = 4; lastKnownFileType = sourcecode.c.objc; path = SetItemsTableViewController.m; sourceTree = "<group>"; };
		3ED2C91C16CD223E0067C3DA /* Crashlytics.framework */ = {isa = PBXFileReference; lastKnownFileType = wrapper.framework; name = Crashlytics.framework; path = Vendor/Crashlytics/Crashlytics.framework; sourceTree = "<group>"; };
		3EDDA3FE14AEC3A400BB781C /* iOpenSongs.app */ = {isa = PBXFileReference; explicitFileType = wrapper.application; includeInIndex = 0; path = iOpenSongs.app; sourceTree = BUILT_PRODUCTS_DIR; };
		3EDDA40214AEC3A400BB781C /* UIKit.framework */ = {isa = PBXFileReference; lastKnownFileType = wrapper.framework; name = UIKit.framework; path = System/Library/Frameworks/UIKit.framework; sourceTree = SDKROOT; };
		3EDDA40414AEC3A400BB781C /* Foundation.framework */ = {isa = PBXFileReference; lastKnownFileType = wrapper.framework; name = Foundation.framework; path = System/Library/Frameworks/Foundation.framework; sourceTree = SDKROOT; };
		3EDDA40A14AEC3A400BB781C /* iOpenSongs-Info.plist */ = {isa = PBXFileReference; lastKnownFileType = text.plist.xml; path = "iOpenSongs-Info.plist"; sourceTree = "<group>"; };
		3EDDA40C14AEC3A400BB781C /* en */ = {isa = PBXFileReference; lastKnownFileType = text.plist.strings; name = en; path = en.lproj/InfoPlist.strings; sourceTree = "<group>"; };
		3EDDA40E14AEC3A400BB781C /* main.m */ = {isa = PBXFileReference; lastKnownFileType = sourcecode.c.objc; path = main.m; sourceTree = "<group>"; };
		3EDDA41014AEC3A400BB781C /* iOpenSongs-Prefix.pch */ = {isa = PBXFileReference; lastKnownFileType = sourcecode.c.h; path = "iOpenSongs-Prefix.pch"; sourceTree = "<group>"; };
		3EDDA41114AEC3A400BB781C /* AppDelegate.h */ = {isa = PBXFileReference; lastKnownFileType = sourcecode.c.h; path = AppDelegate.h; sourceTree = "<group>"; };
		3EDDA41214AEC3A400BB781C /* AppDelegate.m */ = {isa = PBXFileReference; lastKnownFileType = sourcecode.c.objc; path = AppDelegate.m; sourceTree = "<group>"; };
		3EDDA41514AEC3A400BB781C /* en */ = {isa = PBXFileReference; lastKnownFileType = file.storyboard; name = en; path = en.lproj/iPad.storyboard; sourceTree = "<group>"; };
		3EDDA41714AEC3A400BB781C /* SongViewController.h */ = {isa = PBXFileReference; lastKnownFileType = sourcecode.c.h; path = SongViewController.h; sourceTree = "<group>"; };
		3EDDA41814AEC3A400BB781C /* SongViewController.m */ = {isa = PBXFileReference; lastKnownFileType = sourcecode.c.objc; path = SongViewController.m; sourceTree = "<group>"; };
		3EDDA43E14B0596B00BB781C /* ProgramIcon72.png */ = {isa = PBXFileReference; lastKnownFileType = image.png; path = ProgramIcon72.png; sourceTree = "<group>"; };
		3EDDA47814B098F700BB781C /* SongMasterViewController.h */ = {isa = PBXFileReference; fileEncoding = 4; lastKnownFileType = sourcecode.c.h; path = SongMasterViewController.h; sourceTree = "<group>"; };
		3EDDA47914B098F700BB781C /* SongMasterViewController.m */ = {isa = PBXFileReference; fileEncoding = 4; lastKnownFileType = sourcecode.c.objc; path = SongMasterViewController.m; sourceTree = "<group>"; };
		3EE0CE8416A2870200883F64 /* CoreDataTableViewController.h */ = {isa = PBXFileReference; fileEncoding = 4; lastKnownFileType = sourcecode.c.h; path = CoreDataTableViewController.h; sourceTree = "<group>"; };
		3EE0CE8516A2870200883F64 /* CoreDataTableViewController.m */ = {isa = PBXFileReference; fileEncoding = 4; lastKnownFileType = sourcecode.c.objc; path = CoreDataTableViewController.m; sourceTree = "<group>"; };
		3EE0DB3216EC19F0005C89C6 /* StartupViewController.h */ = {isa = PBXFileReference; fileEncoding = 4; lastKnownFileType = sourcecode.c.h; path = StartupViewController.h; sourceTree = "<group>"; };
		3EE0DB3316EC19F0005C89C6 /* StartupViewController.m */ = {isa = PBXFileReference; fileEncoding = 4; lastKnownFileType = sourcecode.c.objc; path = StartupViewController.m; sourceTree = "<group>"; };
		3EE808DF16D3CE84003B9AB7 /* iOpenSongs 3.xcdatamodel */ = {isa = PBXFileReference; lastKnownFileType = wrapper.xcdatamodel; path = "iOpenSongs 3.xcdatamodel"; sourceTree = "<group>"; };
		3EE891951521B52D001DA59A /* glyphicons_023_cogwheels@2x.png */ = {isa = PBXFileReference; lastKnownFileType = image.png; name = "glyphicons_023_cogwheels@2x.png"; path = "Vendor/glyphicons/glyphicons_023_cogwheels@2x.png"; sourceTree = SOURCE_ROOT; };
		3EE891971521B53E001DA59A /* glyphicons_017_music@2x.png */ = {isa = PBXFileReference; lastKnownFileType = image.png; name = "glyphicons_017_music@2x.png"; path = "Vendor/glyphicons/glyphicons_017_music@2x.png"; sourceTree = SOURCE_ROOT; };
		3EE891AB1521B9DE001DA59A /* glyphicons_017_music.png */ = {isa = PBXFileReference; lastKnownFileType = image.png; name = glyphicons_017_music.png; path = Vendor/glyphicons/glyphicons_017_music.png; sourceTree = SOURCE_ROOT; };
		3EE891B01521BBA9001DA59A /* StyleViewController.h */ = {isa = PBXFileReference; fileEncoding = 4; lastKnownFileType = sourcecode.c.h; path = StyleViewController.h; sourceTree = "<group>"; };
		3EE891B11521BBA9001DA59A /* StyleViewController.m */ = {isa = PBXFileReference; fileEncoding = 4; lastKnownFileType = sourcecode.c.objc; path = StyleViewController.m; sourceTree = "<group>"; };
		3EE891B31521C329001DA59A /* glyphicons_023_cogwheels.png */ = {isa = PBXFileReference; lastKnownFileType = image.png; name = glyphicons_023_cogwheels.png; path = Vendor/glyphicons/glyphicons_023_cogwheels.png; sourceTree = SOURCE_ROOT; };
		3EF00CAC153E5F3E000A0C73 /* glyphicons_392_twitter.png */ = {isa = PBXFileReference; lastKnownFileType = image.png; name = glyphicons_392_twitter.png; path = Vendor/glyphicons/glyphicons_392_twitter.png; sourceTree = SOURCE_ROOT; };
		3EF00CAD153E5F3E000A0C73 /* glyphicons_392_twitter@2x.png */ = {isa = PBXFileReference; lastKnownFileType = image.png; name = "glyphicons_392_twitter@2x.png"; path = "Vendor/glyphicons/glyphicons_392_twitter@2x.png"; sourceTree = SOURCE_ROOT; };
		3EF00CB0153E5F9C000A0C73 /* glyphicons_399_e-mail.png */ = {isa = PBXFileReference; lastKnownFileType = image.png; name = "glyphicons_399_e-mail.png"; path = "Vendor/glyphicons/glyphicons_399_e-mail.png"; sourceTree = SOURCE_ROOT; };
		3EF00CB1153E5F9C000A0C73 /* glyphicons_399_e-mail@2x.png */ = {isa = PBXFileReference; lastKnownFileType = image.png; name = "glyphicons_399_e-mail@2x.png"; path = "Vendor/glyphicons/glyphicons_399_e-mail@2x.png"; sourceTree = SOURCE_ROOT; };
		3EF0462416EB22930036A923 /* Song+AccessorOverrides.h */ = {isa = PBXFileReference; lastKnownFileType = sourcecode.c.h; path = "Song+AccessorOverrides.h"; sourceTree = "<group>"; };
		3EF53A271525DD3D0073FB57 /* README.md */ = {isa = PBXFileReference; fileEncoding = 4; lastKnownFileType = text; name = README.md; path = Vendor/opensong.js/README.md; sourceTree = SOURCE_ROOT; };
		83DDE2BF561849B48BA5F099 /* Pods.xcconfig */ = {isa = PBXFileReference; includeInIndex = 1; lastKnownFileType = text.xcconfig; name = Pods.xcconfig; path = Pods/Pods.xcconfig; sourceTree = SOURCE_ROOT; };
/* End PBXFileReference section */

/* Begin PBXFrameworksBuildPhase section */
		3EDDA3FB14AEC3A400BB781C /* Frameworks */ = {
			isa = PBXFrameworksBuildPhase;
			buildActionMask = 2147483647;
			files = (
				3EDDA40514AEC3A400BB781C /* Foundation.framework in Frameworks */,
				3EDDA40314AEC3A400BB781C /* UIKit.framework in Frameworks */,
				3ED2C91D16CD223E0067C3DA /* Crashlytics.framework in Frameworks */,
				3EA0BB9816D119B500D7D97D /* libxml2.dylib in Frameworks */,
				ADFC964FED4F40AAB0DA560A /* libPods.a in Frameworks */,
			);
			runOnlyForDeploymentPostprocessing = 0;
		};
/* End PBXFrameworksBuildPhase section */

/* Begin PBXGroup section */
		3E120C6714FA276700926A74 /* Parsers */ = {
			isa = PBXGroup;
			children = (
				3E120C6814FA27B900926A74 /* RKParser.h */,
				3E120C6514FA270F00926A74 /* RKXMLParserLibXML.h */,
				3E120C6614FA270F00926A74 /* RKXMLParserLibXML.m */,
			);
			name = Parsers;
			sourceTree = "<group>";
		};
		3E5E878914DE6166003B645A /* Html */ = {
			isa = PBXGroup;
			children = (
				3E5E878714DE556C003B645A /* default.css */,
				3E663A8E14B836CD009F1340 /* SongTemplate.html */,
				3E586F1514E2A8D200345743 /* ios.css */,
				3E5E878A14DE61CB003B645A /* about.html */,
			);
			path = Html;
			sourceTree = "<group>";
		};
		3E637B0416D07BAD00514793 /* Resources */ = {
			isa = PBXGroup;
			children = (
				3E637B0516D07BE700514793 /* Images */,
				3E5E878914DE6166003B645A /* Html */,
				3EA0BB9C16D1219C00D7D97D /* Songs */,
				3EDDA40A14AEC3A400BB781C /* iOpenSongs-Info.plist */,
				3E0AFE551533183C00B45224 /* iOpenSongs.entitlements */,
			);
			path = Resources;
			sourceTree = "<group>";
		};
		3E637B0516D07BE700514793 /* Images */ = {
			isa = PBXGroup;
			children = (
				3E355B9614F1FB8A00E49942 /* ProgramIcon57.png */,
				3EDDA43E14B0596B00BB781C /* ProgramIcon72.png */,
				3E9A92391529648400AA6B57 /* ProgramIcon114.png */,
				3E9A923B152964F600AA6B57 /* ProgramIcon144.png */,
				3EAB665E160ECE3100149DA9 /* Default-568h@2x.png */,
				3E35844C151E120F00137FC4 /* nav_menu_icon@2x.png */,
			);
			path = Images;
			sourceTree = "<group>";
		};
		3E7F1B6B158487EF008C222F /* Controller */ = {
			isa = PBXGroup;
			children = (
				3EA0BB9916D11B4600D7D97D /* Song */,
				3EA0BB9A16D11B5000D7D97D /* Set */,
				3EA0BB9B16D11B7E00D7D97D /* Settings */,
				3EE0DB3216EC19F0005C89C6 /* StartupViewController.h */,
				3EE0DB3316EC19F0005C89C6 /* StartupViewController.m */,
				3EE0CE8416A2870200883F64 /* CoreDataTableViewController.h */,
				3EE0CE8516A2870200883F64 /* CoreDataTableViewController.m */,
				3E358449151E100E00137FC4 /* RevealSidebarController.h */,
				3E35844A151E100E00137FC4 /* RevealSidebarController.m */,
				3E5E878314DD7680003B645A /* HtmlViewController.h */,
				3E5E878414DD7680003B645A /* HtmlViewController.m */,
				3E5E878E14DE63B5003B645A /* ExtrasTableViewController.h */,
				3E5E878F14DE63B5003B645A /* ExtrasTableViewController.m */,
			);
			name = Controller;
			sourceTree = "<group>";
		};
		3EA0BB9516D0CFCF00D7D97D /* Views */ = {
			isa = PBXGroup;
			children = (
				3E637B0A16D0CB2A00514793 /* IOpenSongsUVStyleSheet.h */,
				3E637B0B16D0CB2A00514793 /* IOpenSongsUVStyleSheet.m */,
			);
			name = Views;
			sourceTree = "<group>";
		};
		3EA0BB9916D11B4600D7D97D /* Song */ = {
			isa = PBXGroup;
			children = (
				3E7F1B6115847150008C222F /* SongTableViewController.h */,
				3E7F1B6215847150008C222F /* SongTableViewController.m */,
				3EDDA47814B098F700BB781C /* SongMasterViewController.h */,
				3EDDA47914B098F700BB781C /* SongMasterViewController.m */,
				3EDDA41714AEC3A400BB781C /* SongViewController.h */,
				3EDDA41814AEC3A400BB781C /* SongViewController.m */,
			);
			name = Song;
			sourceTree = "<group>";
		};
		3EA0BB9A16D11B5000D7D97D /* Set */ = {
			isa = PBXGroup;
			children = (
				3EC697E7155E06C400022C0E /* SetTableViewController.h */,
				3EC697E8155E06C400022C0E /* SetTableViewController.m */,
				3ECC4AFF155E711B0003FFC7 /* SetItemsTableViewController.h */,
				3ECC4B00155E711B0003FFC7 /* SetItemsTableViewController.m */,
				3E7F1B64158476BC008C222F /* SetItemSongsTableViewController.h */,
				3E7F1B65158476BC008C222F /* SetItemSongsTableViewController.m */,
			);
			name = Set;
			sourceTree = "<group>";
		};
		3EA0BB9B16D11B7E00D7D97D /* Settings */ = {
			isa = PBXGroup;
			children = (
				3EE891B01521BBA9001DA59A /* StyleViewController.h */,
				3EE891B11521BBA9001DA59A /* StyleViewController.m */,
			);
			name = Settings;
			sourceTree = "<group>";
		};
		3EA0BB9C16D1219C00D7D97D /* Songs */ = {
			isa = PBXGroup;
			children = (
				3EA0BB9D16D121C800D7D97D /* Amazing grace */,
				3EA0BB9E16D121C800D7D97D /* Sample Song */,
			);
			name = Songs;
			sourceTree = "<group>";
		};
		3ECF7F1A1522B4D10061457B /* glyphicons */ = {
			isa = PBXGroup;
			children = (
				3E637B0016CFDEF400514793 /* glyphicons_244_conversation.png */,
				3E637B0116CFDEF400514793 /* glyphicons_244_conversation@2x.png */,
				3EF00CB0153E5F9C000A0C73 /* glyphicons_399_e-mail.png */,
				3EF00CB1153E5F9C000A0C73 /* glyphicons_399_e-mail@2x.png */,
				3E7F1BA3158499A9008C222F /* glyphicons_381_github.png */,
				3E7F1BA4158499A9008C222F /* glyphicons_381_github@2x.png */,
				3EF00CAC153E5F3E000A0C73 /* glyphicons_392_twitter.png */,
				3EF00CAD153E5F3E000A0C73 /* glyphicons_392_twitter@2x.png */,
				3EE891B31521C329001DA59A /* glyphicons_023_cogwheels.png */,
				3EE891AB1521B9DE001DA59A /* glyphicons_017_music.png */,
				3E7A5DD1155BFB1F00E16222 /* glyphicons_158_playlist.png */,
				3E7A5DD2155BFB1F00E16222 /* glyphicons_158_playlist@2x.png */,
				3EE891951521B52D001DA59A /* glyphicons_023_cogwheels@2x.png */,
				3EE891971521B53E001DA59A /* glyphicons_017_music@2x.png */,
			);
			path = glyphicons;
			sourceTree = "<group>";
		};
		3EDDA3F314AEC3A300BB781C = {
			isa = PBXGroup;
			children = (
				3EDDA40814AEC3A400BB781C /* Classes */,
				3EDDA40914AEC3A400BB781C /* Other Sources */,
				3EDDA40114AEC3A400BB781C /* Frameworks */,
				3E637B0416D07BAD00514793 /* Resources */,
				3EE0DB2D16EBA976005C89C6 /* Vendor */,
				3EDDA3FF14AEC3A400BB781C /* Products */,
				83DDE2BF561849B48BA5F099 /* Pods.xcconfig */,
			);
			sourceTree = "<group>";
		};
		3EDDA3FF14AEC3A400BB781C /* Products */ = {
			isa = PBXGroup;
			children = (
				3EDDA3FE14AEC3A400BB781C /* iOpenSongs.app */,
			);
			name = Products;
			sourceTree = "<group>";
		};
		3EDDA40114AEC3A400BB781C /* Frameworks */ = {
			isa = PBXGroup;
			children = (
				3ED2C91C16CD223E0067C3DA /* Crashlytics.framework */,
				3EDDA40414AEC3A400BB781C /* Foundation.framework */,
				3EDDA40214AEC3A400BB781C /* UIKit.framework */,
				3EA0BB9716D119B500D7D97D /* libxml2.dylib */,
				2DAA4B6E5367422FAD72E0EA /* libPods.a */,
			);
			name = Frameworks;
			sourceTree = "<group>";
		};
		3EDDA40814AEC3A400BB781C /* Classes */ = {
			isa = PBXGroup;
			children = (
				3EE891AF1521BB50001DA59A /* Categories */,
				3EFBED3814DF7ADD008EF01D /* Model */,
				3E7F1B6B158487EF008C222F /* Controller */,
				3EA0BB9516D0CFCF00D7D97D /* Views */,
				3EDDA41114AEC3A400BB781C /* AppDelegate.h */,
				3EDDA41214AEC3A400BB781C /* AppDelegate.m */,
			);
			path = Classes;
			sourceTree = "<group>";
		};
		3EDDA40914AEC3A400BB781C /* Other Sources */ = {
			isa = PBXGroup;
			children = (
				3EDDA41414AEC3A400BB781C /* iPad.storyboard */,
				3EAB665D160EC1D500149DA9 /* iPhone.storyboard */,
				3EDDA40B14AEC3A400BB781C /* InfoPlist.strings */,
				3E120C6214FA1C3900926A74 /* iOpenSongs.xcdatamodeld */,
				3EDDA41014AEC3A400BB781C /* iOpenSongs-Prefix.pch */,
				3E865AF116CF6AEA000E9D98 /* Defines.h */,
				3EDDA40E14AEC3A400BB781C /* main.m */,
			);
			path = "Other Sources";
			sourceTree = "<group>";
		};
		3EE0DB2D16EBA976005C89C6 /* Vendor */ = {
			isa = PBXGroup;
			children = (
				3EF53A231525DD240073FB57 /* opensong.js */,
				3ECF7F1A1522B4D10061457B /* glyphicons */,
			);
			path = Vendor;
			sourceTree = "<group>";
		};
		3EE891AF1521BB50001DA59A /* Categories */ = {
			isa = PBXGroup;
			children = (
				3E120C3414F9203900926A74 /* NSString+JavaScript.h */,
				3E120C3514F9203900926A74 /* NSString+JavaScript.m */,
				3E61E7DF16EED0230012D34A /* NSString+SectionIndex.h */,
				3E61E7E016EED0230012D34A /* NSString+SectionIndex.m */,
			);
			name = Categories;
			sourceTree = "<group>";
		};
		3EF53A231525DD240073FB57 /* opensong.js */ = {
			isa = PBXGroup;
			children = (
				3EF53A241525DD3D0073FB57 /* javascript */,
				3EF53A271525DD3D0073FB57 /* README.md */,
				3EF53A281525DD3D0073FB57 /* stylesheets */,
			);
			path = opensong.js;
			sourceTree = "<group>";
		};
		3EF53A241525DD3D0073FB57 /* javascript */ = {
			isa = PBXGroup;
			children = (
				3E6C47101525EE2C00164540 /* jquery-1.7.1.min.js */,
				3E6C47111525EE2C00164540 /* opensong.js */,
			);
			name = javascript;
			path = opensong.js/javascript;
			sourceTree = SOURCE_ROOT;
		};
		3EF53A281525DD3D0073FB57 /* stylesheets */ = {
			isa = PBXGroup;
			children = (
				3E6C470E1525EE2200164540 /* opensong.css */,
			);
			name = stylesheets;
			path = opensong.js/stylesheets;
			sourceTree = SOURCE_ROOT;
		};
		3EFBED3814DF7ADD008EF01D /* Model */ = {
			isa = PBXGroup;
			children = (
				3E120C6714FA276700926A74 /* Parsers */,
				3E3872AD16EB1676003A0DCC /* Song.h */,
				3E3872AE16EB1676003A0DCC /* Song.m */,
				3E7F8818160CCCEE004EB8E6 /* Set.h */,
				3E7F8819160CCCEE004EB8E6 /* Set.m */,
				3E7F8815160CCCEE004EB8E6 /* SetItemSong.h */,
				3E7F8816160CCCEE004EB8E6 /* SetItemSong.m */,
				3E7F8812160CCCED004EB8E6 /* SetItem.h */,
				3E7F8813160CCCED004EB8E6 /* SetItem.m */,
				3EA890DB16A32B3600218AE7 /* Song+Import.h */,
				3EA890DC16A32B3600218AE7 /* Song+Import.m */,
				3E120C3014F91DD400926A74 /* Song+OpenSong.h */,
				3E120C3114F91DD400926A74 /* Song+OpenSong.m */,
				3EC11EEE16EB0691001747F3 /* Song+PrimitiveAccessors.h */,
				3EF0462416EB22930036A923 /* Song+AccessorOverrides.h */,
				3EC11EEF16EB0691001747F3 /* Song+AccessorOverrides.m */,
			);
			name = Model;
			sourceTree = "<group>";
		};
/* End PBXGroup section */

/* Begin PBXNativeTarget section */
		3EDDA3FD14AEC3A400BB781C /* iOpenSongs */ = {
			isa = PBXNativeTarget;
			buildConfigurationList = 3EDDA41C14AEC3A400BB781C /* Build configuration list for PBXNativeTarget "iOpenSongs" */;
			buildPhases = (
				3EDDA3FA14AEC3A400BB781C /* Sources */,
				3EDDA3FB14AEC3A400BB781C /* Frameworks */,
				3EDA1BF71630711B009F5536 /* ShellScript */,
				3ED2C91B16CD21D10067C3DA /* ShellScript */,
				3EDDA3FC14AEC3A400BB781C /* Resources */,
				BA2F0F4A94D9463A9899752C /* Copy Pods Resources */,
			);
			buildRules = (
			);
			dependencies = (
			);
			name = iOpenSongs;
			productName = iOpenSongs;
			productReference = 3EDDA3FE14AEC3A400BB781C /* iOpenSongs.app */;
			productType = "com.apple.product-type.application";
		};
/* End PBXNativeTarget section */

/* Begin PBXProject section */
		3EDDA3F514AEC3A300BB781C /* Project object */ = {
			isa = PBXProject;
			attributes = {
				LastUpgradeCheck = 0460;
				ORGANIZATIONNAME = "Andreas Boehrnsen";
			};
			buildConfigurationList = 3EDDA3F814AEC3A300BB781C /* Build configuration list for PBXProject "iOpenSongs" */;
			compatibilityVersion = "Xcode 3.2";
			developmentRegion = English;
			hasScannedForEncodings = 0;
			knownRegions = (
				en,
			);
			mainGroup = 3EDDA3F314AEC3A300BB781C;
			productRefGroup = 3EDDA3FF14AEC3A400BB781C /* Products */;
			projectDirPath = "";
			projectRoot = "";
			targets = (
				3EDDA3FD14AEC3A400BB781C /* iOpenSongs */,
			);
		};
/* End PBXProject section */

/* Begin PBXResourcesBuildPhase section */
		3EDDA3FC14AEC3A400BB781C /* Resources */ = {
			isa = PBXResourcesBuildPhase;
			buildActionMask = 2147483647;
			files = (
				3EDDA41614AEC3A400BB781C /* iPad.storyboard in Resources */,
				3EAB665B160EC1D500149DA9 /* iPhone.storyboard in Resources */,
				3EDDA40D14AEC3A400BB781C /* InfoPlist.strings in Resources */,
				3E6C47141525EE4400164540 /* jquery-1.7.1.min.js in Resources */,
				3E6C47151525EE4400164540 /* opensong.js in Resources */,
				3E6C470F1525EE2200164540 /* opensong.css in Resources */,
				3E5E878814DE556C003B645A /* default.css in Resources */,
				3E586F1614E2A8D200345743 /* ios.css in Resources */,
				3E663A8F14B836CD009F1340 /* SongTemplate.html in Resources */,
				3E5E878B14DE61CB003B645A /* about.html in Resources */,
				3E355B9714F1FB8A00E49942 /* ProgramIcon57.png in Resources */,
				3EDDA43F14B0596B00BB781C /* ProgramIcon72.png in Resources */,
				3E9A923A1529648400AA6B57 /* ProgramIcon114.png in Resources */,
				3E9A923C152964F600AA6B57 /* ProgramIcon144.png in Resources */,
				3E35844D151E120F00137FC4 /* nav_menu_icon@2x.png in Resources */,
				3EE891961521B52D001DA59A /* glyphicons_023_cogwheels@2x.png in Resources */,
				3EE891991521B53E001DA59A /* glyphicons_017_music@2x.png in Resources */,
				3EE891AD1521B9DE001DA59A /* glyphicons_017_music.png in Resources */,
				3EE891B51521C329001DA59A /* glyphicons_023_cogwheels.png in Resources */,
				3EF00CAE153E5F3E000A0C73 /* glyphicons_392_twitter.png in Resources */,
				3EF00CAF153E5F3E000A0C73 /* glyphicons_392_twitter@2x.png in Resources */,
				3EF00CB2153E5F9C000A0C73 /* glyphicons_399_e-mail.png in Resources */,
				3EF00CB3153E5F9C000A0C73 /* glyphicons_399_e-mail@2x.png in Resources */,
				3E7A5DD3155BFB1F00E16222 /* glyphicons_158_playlist.png in Resources */,
				3E7A5DD4155BFB1F00E16222 /* glyphicons_158_playlist@2x.png in Resources */,
				3E7F1BA5158499A9008C222F /* glyphicons_381_github.png in Resources */,
				3E7F1BA6158499A9008C222F /* glyphicons_381_github@2x.png in Resources */,
				3EAB665F160ECE3100149DA9 /* Default-568h@2x.png in Resources */,
				3E637B0216CFDEF400514793 /* glyphicons_244_conversation.png in Resources */,
				3E637B0316CFDEF400514793 /* glyphicons_244_conversation@2x.png in Resources */,
				3EA0BB9F16D121C800D7D97D /* Amazing grace in Resources */,
				3EA0BBA016D121C800D7D97D /* Sample Song in Resources */,
			);
			runOnlyForDeploymentPostprocessing = 0;
		};
/* End PBXResourcesBuildPhase section */

/* Begin PBXShellScriptBuildPhase section */
		3ED2C91B16CD21D10067C3DA /* ShellScript */ = {
			isa = PBXShellScriptBuildPhase;
			buildActionMask = 2147483647;
			files = (
			);
			inputPaths = (
			);
			outputPaths = (
			);
			runOnlyForDeploymentPostprocessing = 0;
			shellScript = "";
		};
		3EDA1BF71630711B009F5536 /* ShellScript */ = {
			isa = PBXShellScriptBuildPhase;
			buildActionMask = 2147483647;
			files = (
			);
			inputPaths = (
			);
			outputPaths = (
			);
			runOnlyForDeploymentPostprocessing = 0;
			shellPath = /bin/sh;
			shellScript = "#!/bin/bash\n\n#buildNumber=`git log --pretty=format:'%h' -n 1`\nbuildNumber=`date  \"+%y%m%d\"`\n\n/usr/libexec/PlistBuddy -c \"Set :CFBundleVersion $buildNumber\" \"$INFOPLIST_FILE\"";
		};
		BA2F0F4A94D9463A9899752C /* Copy Pods Resources */ = {
			isa = PBXShellScriptBuildPhase;
			buildActionMask = 2147483647;
			files = (
			);
			inputPaths = (
			);
			name = "Copy Pods Resources";
			outputPaths = (
			);
			runOnlyForDeploymentPostprocessing = 0;
			shellPath = /bin/sh;
			shellScript = "\"${SRCROOT}/Pods/Pods-resources.sh\"\n";
		};
/* End PBXShellScriptBuildPhase section */

/* Begin PBXSourcesBuildPhase section */
		3EDDA3FA14AEC3A400BB781C /* Sources */ = {
			isa = PBXSourcesBuildPhase;
			buildActionMask = 2147483647;
			files = (
				3E120C6414FA1C3900926A74 /* iOpenSongs.xcdatamodeld in Sources */,
				3EDDA40F14AEC3A400BB781C /* main.m in Sources */,
				3E120C3614F9203900926A74 /* NSString+JavaScript.m in Sources */,
				3E6C470A1525EDAA00164540 /* RKXMLParserLibXML.m in Sources */,
				3E35844B151E100E00137FC4 /* RevealSidebarController.m in Sources */,
				3EDDA41314AEC3A400BB781C /* AppDelegate.m in Sources */,
				3EDDA41914AEC3A400BB781C /* SongViewController.m in Sources */,
				3EDDA47A14B098F700BB781C /* SongMasterViewController.m in Sources */,
				3E5E878514DD7680003B645A /* HtmlViewController.m in Sources */,
				3E5E879014DE63B5003B645A /* ExtrasTableViewController.m in Sources */,
				3E120C3214F91DD400926A74 /* Song+OpenSong.m in Sources */,
				3EE891B21521BBA9001DA59A /* StyleViewController.m in Sources */,
				3EC697E9155E06C500022C0E /* SetTableViewController.m in Sources */,
				3ECC4B01155E711C0003FFC7 /* SetItemsTableViewController.m in Sources */,
				3E7F1B6315847150008C222F /* SongTableViewController.m in Sources */,
				3E7F1B66158476BC008C222F /* SetItemSongsTableViewController.m in Sources */,
				3E7F8814160CCCED004EB8E6 /* SetItem.m in Sources */,
				3E7F8817160CCCEE004EB8E6 /* SetItemSong.m in Sources */,
				3E7F881A160CCCEE004EB8E6 /* Set.m in Sources */,
				3EE0CE8616A2870200883F64 /* CoreDataTableViewController.m in Sources */,
				3EA890DD16A32B3600218AE7 /* Song+Import.m in Sources */,
				3E637B0C16D0CB2A00514793 /* IOpenSongsUVStyleSheet.m in Sources */,
				3EC11EF016EB0691001747F3 /* Song+AccessorOverrides.m in Sources */,
				3E3872AF16EB1676003A0DCC /* Song.m in Sources */,
				3EE0DB3416EC19F1005C89C6 /* StartupViewController.m in Sources */,
				3E61E7E116EED0230012D34A /* NSString+SectionIndex.m in Sources */,
			);
			runOnlyForDeploymentPostprocessing = 0;
		};
/* End PBXSourcesBuildPhase section */

/* Begin PBXVariantGroup section */
		3EAB665D160EC1D500149DA9 /* iPhone.storyboard */ = {
			isa = PBXVariantGroup;
			children = (
				3EAB665C160EC1D500149DA9 /* en */,
			);
			name = iPhone.storyboard;
			sourceTree = "<group>";
		};
		3EDDA40B14AEC3A400BB781C /* InfoPlist.strings */ = {
			isa = PBXVariantGroup;
			children = (
				3EDDA40C14AEC3A400BB781C /* en */,
			);
			name = InfoPlist.strings;
			sourceTree = "<group>";
		};
		3EDDA41414AEC3A400BB781C /* iPad.storyboard */ = {
			isa = PBXVariantGroup;
			children = (
				3EDDA41514AEC3A400BB781C /* en */,
			);
			name = iPad.storyboard;
			sourceTree = "<group>";
		};
/* End PBXVariantGroup section */

/* Begin XCBuildConfiguration section */
		3EDDA41A14AEC3A400BB781C /* Debug */ = {
			isa = XCBuildConfiguration;
			buildSettings = {
				ALWAYS_SEARCH_USER_PATHS = NO;
				ARCHS = "$(ARCHS_STANDARD_32_BIT)";
				CLANG_ENABLE_OBJC_ARC = YES;
				CLANG_WARN_CONSTANT_CONVERSION = YES;
				CLANG_WARN_ENUM_CONVERSION = YES;
				CLANG_WARN_INT_CONVERSION = YES;
				CLANG_WARN__DUPLICATE_METHOD_MATCH = YES;
				"CODE_SIGN_IDENTITY[sdk=iphoneos*]" = "iPhone Developer";
				COPY_PHASE_STRIP = NO;
				GCC_C_LANGUAGE_STANDARD = gnu99;
				GCC_DYNAMIC_NO_PIC = NO;
				GCC_OPTIMIZATION_LEVEL = 0;
				GCC_PREPROCESSOR_DEFINITIONS = (
					"DEBUG=1",
					"$(inherited)",
				);
				GCC_SYMBOLS_PRIVATE_EXTERN = NO;
				GCC_VERSION = com.apple.compilers.llvm.clang.1_0;
				GCC_WARN_ABOUT_MISSING_PROTOTYPES = YES;
				GCC_WARN_ABOUT_RETURN_TYPE = YES;
				GCC_WARN_UNINITIALIZED_AUTOS = YES;
				GCC_WARN_UNUSED_VARIABLE = YES;
				IPHONEOS_DEPLOYMENT_TARGET = 5.1;
				"PROVISIONING_PROFILE[sdk=iphoneos*]" = "";
				SDKROOT = iphoneos;
				TARGETED_DEVICE_FAMILY = 2;
			};
			name = Debug;
		};
		3EDDA41B14AEC3A400BB781C /* Release */ = {
			isa = XCBuildConfiguration;
			buildSettings = {
				ALWAYS_SEARCH_USER_PATHS = NO;
				ARCHS = "$(ARCHS_STANDARD_32_BIT)";
				CLANG_ENABLE_OBJC_ARC = YES;
				CLANG_WARN_CONSTANT_CONVERSION = YES;
				CLANG_WARN_ENUM_CONVERSION = YES;
				CLANG_WARN_INT_CONVERSION = YES;
				CLANG_WARN__DUPLICATE_METHOD_MATCH = YES;
				CODE_SIGN_IDENTITY = "iPhone Distribution";
				"CODE_SIGN_IDENTITY[sdk=iphoneos*]" = "iPhone Distribution";
				COPY_PHASE_STRIP = YES;
				GCC_C_LANGUAGE_STANDARD = gnu99;
				GCC_VERSION = com.apple.compilers.llvm.clang.1_0;
				GCC_WARN_ABOUT_MISSING_PROTOTYPES = YES;
				GCC_WARN_ABOUT_RETURN_TYPE = YES;
				GCC_WARN_UNINITIALIZED_AUTOS = YES;
				GCC_WARN_UNUSED_VARIABLE = YES;
				IPHONEOS_DEPLOYMENT_TARGET = 5.1;
				OTHER_CFLAGS = "-DNS_BLOCK_ASSERTIONS=1";
				PROVISIONING_PROFILE = "";
				"PROVISIONING_PROFILE[sdk=iphoneos*]" = "";
				SDKROOT = iphoneos;
				TARGETED_DEVICE_FAMILY = 2;
				VALIDATE_PRODUCT = YES;
			};
			name = Release;
		};
		3EDDA41D14AEC3A400BB781C /* Debug */ = {
			isa = XCBuildConfiguration;
			baseConfigurationReference = 83DDE2BF561849B48BA5F099 /* Pods.xcconfig */;
			buildSettings = {
				CODE_SIGN_IDENTITY = "iPhone Developer";
				"CODE_SIGN_IDENTITY[sdk=iphoneos*]" = "iPhone Developer";
				FRAMEWORK_SEARCH_PATHS = (
					"$(inherited)",
					"\"$(SRCROOT)\"",
					"\"$(SRCROOT)/iOpenSongs\"",
					"\"$(SRCROOT)/Vendor/Crashlytics\"",
				);
				GCC_PRECOMPILE_PREFIX_HEADER = YES;
				GCC_PREFIX_HEADER = "Other Sources/iOpenSongs-Prefix.pch";
				HEADER_SEARCH_PATHS = (
					"${PODS_HEADERS_SEARCH_PATHS}/**",
					"$(SDKROOT)/usr/include/libxml2/**",
				);
				INFOPLIST_FILE = "Resources/iOpenSongs-Info.plist";
				IPHONEOS_DEPLOYMENT_TARGET = 5.1;
				LIBRARY_SEARCH_PATHS = (
					"$(inherited)",
					"\"$(SRCROOT)/iOpenSongs\"",
				);
				PRODUCT_NAME = iOpenSongs;
				PROVISIONING_PROFILE = "";
				"PROVISIONING_PROFILE[sdk=iphoneos*]" = "";
				SKIP_INSTALL = NO;
				TARGETED_DEVICE_FAMILY = "1,2";
				USER_HEADER_SEARCH_PATHS = "";
				WRAPPER_EXTENSION = app;
			};
			name = Debug;
		};
		3EDDA41E14AEC3A400BB781C /* Release */ = {
			isa = XCBuildConfiguration;
			baseConfigurationReference = 83DDE2BF561849B48BA5F099 /* Pods.xcconfig */;
			buildSettings = {
				CODE_SIGN_IDENTITY = "iPhone Distribution";
				"CODE_SIGN_IDENTITY[sdk=iphoneos*]" = "iPhone Distribution";
				FRAMEWORK_SEARCH_PATHS = (
					"$(inherited)",
					"\"$(SRCROOT)\"",
					"\"$(SRCROOT)/iOpenSongs\"",
					"\"$(SRCROOT)/Vendor/Crashlytics\"",
				);
				GCC_PRECOMPILE_PREFIX_HEADER = YES;
				GCC_PREFIX_HEADER = "iOpenSongs/iOpenSongs-Prefix.pch";
				HEADER_SEARCH_PATHS = (
					"${PODS_HEADERS_SEARCH_PATHS}/**",
					"$(SDKROOT)/usr/include/libxml2/**",
				);
				INFOPLIST_FILE = "Resources/iOpenSongs-Info.plist";
				IPHONEOS_DEPLOYMENT_TARGET = 5.1;
				LIBRARY_SEARCH_PATHS = (
					"$(inherited)",
					"\"$(SRCROOT)/iOpenSongs\"",
				);
				PRODUCT_NAME = iOpenSongs;
				PROVISIONING_PROFILE = "";
				"PROVISIONING_PROFILE[sdk=iphoneos*]" = "";
				SKIP_INSTALL = NO;
				TARGETED_DEVICE_FAMILY = "1,2";
				USER_HEADER_SEARCH_PATHS = "";
				WRAPPER_EXTENSION = app;
			};
			name = Release;
		};
/* End XCBuildConfiguration section */

/* Begin XCConfigurationList section */
		3EDDA3F814AEC3A300BB781C /* Build configuration list for PBXProject "iOpenSongs" */ = {
			isa = XCConfigurationList;
			buildConfigurations = (
				3EDDA41A14AEC3A400BB781C /* Debug */,
				3EDDA41B14AEC3A400BB781C /* Release */,
			);
			defaultConfigurationIsVisible = 0;
			defaultConfigurationName = Release;
		};
		3EDDA41C14AEC3A400BB781C /* Build configuration list for PBXNativeTarget "iOpenSongs" */ = {
			isa = XCConfigurationList;
			buildConfigurations = (
				3EDDA41D14AEC3A400BB781C /* Debug */,
				3EDDA41E14AEC3A400BB781C /* Release */,
			);
			defaultConfigurationIsVisible = 0;
			defaultConfigurationName = Release;
		};
/* End XCConfigurationList section */

/* Begin XCVersionGroup section */
		3E120C6214FA1C3900926A74 /* iOpenSongs.xcdatamodeld */ = {
			isa = XCVersionGroup;
			children = (
				3EE808DF16D3CE84003B9AB7 /* iOpenSongs 3.xcdatamodel */,
				3E41E03F155D2F8D0023E599 /* iOpenSongs 2.xcdatamodel */,
				3E120C6314FA1C3900926A74 /* iOpenSongs 1.xcdatamodel */,
			);
			currentVersion = 3EE808DF16D3CE84003B9AB7 /* iOpenSongs 3.xcdatamodel */;
			path = iOpenSongs.xcdatamodeld;
			sourceTree = "<group>";
			versionGroupType = wrapper.xcdatamodel;
		};
/* End XCVersionGroup section */
	};
	rootObject = 3EDDA3F514AEC3A300BB781C /* Project object */;
}
