// !$*UTF8*$!
{
	archiveVersion = 1;
	classes = {
	};
	objectVersion = 46;
	objects = {

/* Begin PBXBuildFile section */
		3E0AFE581533197D00B45224 /* libTestFlight.a in Frameworks */ = {isa = PBXBuildFile; fileRef = 3E0AFE561533197D00B45224 /* libTestFlight.a */; };
		3E0AFE5B15331A0000B45224 /* libz.dylib in Frameworks */ = {isa = PBXBuildFile; fileRef = 3E0AFE5A15331A0000B45224 /* libz.dylib */; };
		3E120C3214F91DD400926A74 /* Song+OpenSong.m in Sources */ = {isa = PBXBuildFile; fileRef = 3E120C3114F91DD400926A74 /* Song+OpenSong.m */; };
		3E120C3614F9203900926A74 /* NSString+JavaScript.m in Sources */ = {isa = PBXBuildFile; fileRef = 3E120C3514F9203900926A74 /* NSString+JavaScript.m */; };
		3E120C5114F9F03100926A74 /* CoreData.framework in Frameworks */ = {isa = PBXBuildFile; fileRef = 3E120C5014F9F03100926A74 /* CoreData.framework */; };
		3E120C5314F9F04000926A74 /* MobileCoreServices.framework in Frameworks */ = {isa = PBXBuildFile; fileRef = 3E120C5214F9F04000926A74 /* MobileCoreServices.framework */; };
		3E120C5514F9F04B00926A74 /* Security.framework in Frameworks */ = {isa = PBXBuildFile; fileRef = 3E120C5414F9F04B00926A74 /* Security.framework */; };
		3E120C5714F9F05700926A74 /* SystemConfiguration.framework in Frameworks */ = {isa = PBXBuildFile; fileRef = 3E120C5614F9F05700926A74 /* SystemConfiguration.framework */; };
		3E120C5B14F9F07000926A74 /* libxml2.dylib in Frameworks */ = {isa = PBXBuildFile; fileRef = 3E120C5A14F9F07000926A74 /* libxml2.dylib */; };
		3E120C6414FA1C3900926A74 /* iOpenSongs.xcdatamodeld in Sources */ = {isa = PBXBuildFile; fileRef = 3E120C6214FA1C3900926A74 /* iOpenSongs.xcdatamodeld */; };
		3E120C6B14FA287400926A74 /* Song.m in Sources */ = {isa = PBXBuildFile; fileRef = 3E120C6A14FA287400926A74 /* Song.m */; };
		3E120C7214FB064900926A74 /* CoreDataTableViewController.m in Sources */ = {isa = PBXBuildFile; fileRef = 3E120C7114FA3E2F00926A74 /* CoreDataTableViewController.m */; };
		3E13C2C614EF322D00F59505 /* iPhone.storyboard in Resources */ = {isa = PBXBuildFile; fileRef = 3E13C2C514EF322D00F59505 /* iPhone.storyboard */; };
		3E355B8814F1E29900E49942 /* EasyTracker.plist in Resources */ = {isa = PBXBuildFile; fileRef = 3E355B8714F1E29900E49942 /* EasyTracker.plist */; };
		3E355B8D14F1EC1500E49942 /* libsqlite3.dylib in Frameworks */ = {isa = PBXBuildFile; fileRef = 3E355B8C14F1EC1500E49942 /* libsqlite3.dylib */; };
		3E355B8E14F1EC3C00E49942 /* libGoogleAnalytics.a in Frameworks */ = {isa = PBXBuildFile; fileRef = 3EACA52F14F14D7700519ADC /* libGoogleAnalytics.a */; };
		3E355B9014F1EC7100E49942 /* CFNetwork.framework in Frameworks */ = {isa = PBXBuildFile; fileRef = 3E355B8F14F1EC7100E49942 /* CFNetwork.framework */; };
		3E355B9114F1EC9900E49942 /* EasyTracker.m in Sources */ = {isa = PBXBuildFile; fileRef = 3E355B8B14F1E2B700E49942 /* EasyTracker.m */; };
		3E355B9714F1FB8A00E49942 /* ProgramIcon57.png in Resources */ = {isa = PBXBuildFile; fileRef = 3E355B9614F1FB8A00E49942 /* ProgramIcon57.png */; };
		3E35843B151E08C500137FC4 /* QuartzCore.framework in Frameworks */ = {isa = PBXBuildFile; fileRef = 3E120C5814F9F06200926A74 /* QuartzCore.framework */; };
		3E35844B151E100E00137FC4 /* RevealSidebarController.m in Sources */ = {isa = PBXBuildFile; fileRef = 3E35844A151E100E00137FC4 /* RevealSidebarController.m */; };
		3E35844D151E120F00137FC4 /* nav_menu_icon@2x.png in Resources */ = {isa = PBXBuildFile; fileRef = 3E35844C151E120F00137FC4 /* nav_menu_icon@2x.png */; };
		3E586F1614E2A8D200345743 /* ios.css in Resources */ = {isa = PBXBuildFile; fileRef = 3E586F1514E2A8D200345743 /* ios.css */; };
		3E586F1914E33B7000345743 /* MessageUI.framework in Frameworks */ = {isa = PBXBuildFile; fileRef = 3E586F1714E3389600345743 /* MessageUI.framework */; };
		3E5E878514DD7680003B645A /* HtmlViewController.m in Sources */ = {isa = PBXBuildFile; fileRef = 3E5E878414DD7680003B645A /* HtmlViewController.m */; };
		3E5E878814DE556C003B645A /* default.css in Resources */ = {isa = PBXBuildFile; fileRef = 3E5E878714DE556C003B645A /* default.css */; };
		3E5E878B14DE61CB003B645A /* about.html in Resources */ = {isa = PBXBuildFile; fileRef = 3E5E878A14DE61CB003B645A /* about.html */; };
		3E5E878D14DE6277003B645A /* help.html in Resources */ = {isa = PBXBuildFile; fileRef = 3E5E878C14DE6277003B645A /* help.html */; };
		3E5E879014DE63B5003B645A /* ExtrasTableViewController.m in Sources */ = {isa = PBXBuildFile; fileRef = 3E5E878F14DE63B5003B645A /* ExtrasTableViewController.m */; };
		3E663A8C14B80BCF009F1340 /* DemoFile in Resources */ = {isa = PBXBuildFile; fileRef = 3E663A8B14B80BCF009F1340 /* DemoFile */; };
		3E663A8F14B836CD009F1340 /* SongTemplate.html in Resources */ = {isa = PBXBuildFile; fileRef = 3E663A8E14B836CD009F1340 /* SongTemplate.html */; };
		3E6C47091525ED4A00164540 /* ECSlidingViewController.m in Sources */ = {isa = PBXBuildFile; fileRef = 3E6C47071525ED1D00164540 /* ECSlidingViewController.m */; };
		3E6C470A1525EDAA00164540 /* RKXMLParserLibXML.m in Sources */ = {isa = PBXBuildFile; fileRef = 3E120C6614FA270F00926A74 /* RKXMLParserLibXML.m */; };
		3E6C470F1525EE2200164540 /* opensong.css in Resources */ = {isa = PBXBuildFile; fileRef = 3E6C470E1525EE2200164540 /* opensong.css */; };
		3E6C47141525EE4400164540 /* jquery-1.7.1.min.js in Resources */ = {isa = PBXBuildFile; fileRef = 3E6C47101525EE2C00164540 /* jquery-1.7.1.min.js */; };
		3E6C47151525EE4400164540 /* opensong.js in Resources */ = {isa = PBXBuildFile; fileRef = 3E6C47111525EE2C00164540 /* opensong.js */; };
		3E6C47191525EF0200164540 /* UIImage+ImageWithUIView.m in Sources */ = {isa = PBXBuildFile; fileRef = 3E6C47181525EEC300164540 /* UIImage+ImageWithUIView.m */; };
		3E9A923A1529648400AA6B57 /* ProgramIcon114.png in Resources */ = {isa = PBXBuildFile; fileRef = 3E9A92391529648400AA6B57 /* ProgramIcon114.png */; };
		3E9A923C152964F600AA6B57 /* ProgramIcon144.png in Resources */ = {isa = PBXBuildFile; fileRef = 3E9A923B152964F600AA6B57 /* ProgramIcon144.png */; };
		3EDDA40314AEC3A400BB781C /* UIKit.framework in Frameworks */ = {isa = PBXBuildFile; fileRef = 3EDDA40214AEC3A400BB781C /* UIKit.framework */; };
		3EDDA40514AEC3A400BB781C /* Foundation.framework in Frameworks */ = {isa = PBXBuildFile; fileRef = 3EDDA40414AEC3A400BB781C /* Foundation.framework */; };
		3EDDA40714AEC3A400BB781C /* CoreGraphics.framework in Frameworks */ = {isa = PBXBuildFile; fileRef = 3EDDA40614AEC3A400BB781C /* CoreGraphics.framework */; };
		3EDDA40D14AEC3A400BB781C /* InfoPlist.strings in Resources */ = {isa = PBXBuildFile; fileRef = 3EDDA40B14AEC3A400BB781C /* InfoPlist.strings */; };
		3EDDA40F14AEC3A400BB781C /* main.m in Sources */ = {isa = PBXBuildFile; fileRef = 3EDDA40E14AEC3A400BB781C /* main.m */; };
		3EDDA41314AEC3A400BB781C /* AppDelegate.m in Sources */ = {isa = PBXBuildFile; fileRef = 3EDDA41214AEC3A400BB781C /* AppDelegate.m */; };
		3EDDA41614AEC3A400BB781C /* iPad.storyboard in Resources */ = {isa = PBXBuildFile; fileRef = 3EDDA41414AEC3A400BB781C /* iPad.storyboard */; };
		3EDDA41914AEC3A400BB781C /* SongViewController.m in Sources */ = {isa = PBXBuildFile; fileRef = 3EDDA41814AEC3A400BB781C /* SongViewController.m */; };
		3EDDA43F14B0596B00BB781C /* ProgramIcon72.png in Resources */ = {isa = PBXBuildFile; fileRef = 3EDDA43E14B0596B00BB781C /* ProgramIcon72.png */; };
		3EDDA47A14B098F700BB781C /* SongMasterViewController.m in Sources */ = {isa = PBXBuildFile; fileRef = 3EDDA47914B098F700BB781C /* SongMasterViewController.m */; };
		3EE891961521B52D001DA59A /* glyphicons_023_cogwheels@2x.png in Resources */ = {isa = PBXBuildFile; fileRef = 3EE891951521B52D001DA59A /* glyphicons_023_cogwheels@2x.png */; };
		3EE891991521B53E001DA59A /* glyphicons_017_music@2x.png in Resources */ = {isa = PBXBuildFile; fileRef = 3EE891971521B53E001DA59A /* glyphicons_017_music@2x.png */; };
		3EE891AD1521B9DE001DA59A /* glyphicons_017_music.png in Resources */ = {isa = PBXBuildFile; fileRef = 3EE891AB1521B9DE001DA59A /* glyphicons_017_music.png */; };
		3EE891B21521BBA9001DA59A /* StyleViewController.m in Sources */ = {isa = PBXBuildFile; fileRef = 3EE891B11521BBA9001DA59A /* StyleViewController.m */; };
		3EE891B51521C329001DA59A /* glyphicons_023_cogwheels.png in Resources */ = {isa = PBXBuildFile; fileRef = 3EE891B31521C329001DA59A /* glyphicons_023_cogwheels.png */; };
		3EF00CAE153E5F3E000A0C73 /* glyphicons_322_twitter.png in Resources */ = {isa = PBXBuildFile; fileRef = 3EF00CAC153E5F3E000A0C73 /* glyphicons_322_twitter.png */; };
		3EF00CAF153E5F3E000A0C73 /* glyphicons_322_twitter@2x.png in Resources */ = {isa = PBXBuildFile; fileRef = 3EF00CAD153E5F3E000A0C73 /* glyphicons_322_twitter@2x.png */; };
		3EF00CB2153E5F9C000A0C73 /* glyphicons_329_e-mail.png in Resources */ = {isa = PBXBuildFile; fileRef = 3EF00CB0153E5F9C000A0C73 /* glyphicons_329_e-mail.png */; };
		3EF00CB3153E5F9C000A0C73 /* glyphicons_329_e-mail@2x.png in Resources */ = {isa = PBXBuildFile; fileRef = 3EF00CB1153E5F9C000A0C73 /* glyphicons_329_e-mail@2x.png */; };
/* End PBXBuildFile section */

/* Begin PBXContainerItemProxy section */
		3E73C6681525E0E800AA1B9C /* PBXContainerItemProxy */ = {
			isa = PBXContainerItemProxy;
			containerPortal = 3E120C3B14F9EF2000926A74 /* RestKit.xcodeproj */;
			proxyType = 2;
			remoteGlobalIDString = 25160D1614564E810060A5C5;
			remoteInfo = RestKit;
		};
		3E73C66A1525E0E800AA1B9C /* PBXContainerItemProxy */ = {
			isa = PBXContainerItemProxy;
			containerPortal = 3E120C3B14F9EF2000926A74 /* RestKit.xcodeproj */;
			proxyType = 2;
			remoteGlobalIDString = 25160D2614564E820060A5C5;
			remoteInfo = RestKitTests;
		};
		3E73C66C1525E0E800AA1B9C /* PBXContainerItemProxy */ = {
			isa = PBXContainerItemProxy;
			containerPortal = 3E120C3B14F9EF2000926A74 /* RestKit.xcodeproj */;
			proxyType = 2;
			remoteGlobalIDString = 25160E62145651060060A5C5;
			remoteInfo = RestKitFramework;
		};
		3E73C66E1525E0E800AA1B9C /* PBXContainerItemProxy */ = {
			isa = PBXContainerItemProxy;
			containerPortal = 3E120C3B14F9EF2000926A74 /* RestKit.xcodeproj */;
			proxyType = 2;
			remoteGlobalIDString = 25160E78145651060060A5C5;
			remoteInfo = RestKitFrameworkTests;
		};
/* End PBXContainerItemProxy section */

/* Begin PBXFileReference section */
		3E0AFE551533183C00B45224 /* iOpenSongs.entitlements */ = {isa = PBXFileReference; lastKnownFileType = text.xml; path = iOpenSongs.entitlements; sourceTree = SOURCE_ROOT; };
		3E0AFE561533197D00B45224 /* libTestFlight.a */ = {isa = PBXFileReference; lastKnownFileType = archive.ar; name = libTestFlight.a; path = ../Vendor/TestFlightSDK/libTestFlight.a; sourceTree = "<group>"; };
		3E0AFE571533197D00B45224 /* TestFlight.h */ = {isa = PBXFileReference; fileEncoding = 4; lastKnownFileType = sourcecode.c.h; name = TestFlight.h; path = ../Vendor/TestFlightSDK/TestFlight.h; sourceTree = "<group>"; };
		3E0AFE5A15331A0000B45224 /* libz.dylib */ = {isa = PBXFileReference; lastKnownFileType = "compiled.mach-o.dylib"; name = libz.dylib; path = usr/lib/libz.dylib; sourceTree = SDKROOT; };
		3E120C3014F91DD400926A74 /* Song+OpenSong.h */ = {isa = PBXFileReference; fileEncoding = 4; lastKnownFileType = sourcecode.c.h; path = "Song+OpenSong.h"; sourceTree = "<group>"; };
		3E120C3114F91DD400926A74 /* Song+OpenSong.m */ = {isa = PBXFileReference; fileEncoding = 4; lastKnownFileType = sourcecode.c.objc; path = "Song+OpenSong.m"; sourceTree = "<group>"; };
		3E120C3414F9203900926A74 /* NSString+JavaScript.h */ = {isa = PBXFileReference; fileEncoding = 4; lastKnownFileType = sourcecode.c.h; path = "NSString+JavaScript.h"; sourceTree = "<group>"; };
		3E120C3514F9203900926A74 /* NSString+JavaScript.m */ = {isa = PBXFileReference; fileEncoding = 4; lastKnownFileType = sourcecode.c.objc; path = "NSString+JavaScript.m"; sourceTree = "<group>"; };
		3E120C3B14F9EF2000926A74 /* RestKit.xcodeproj */ = {isa = PBXFileReference; lastKnownFileType = "wrapper.pb-project"; name = RestKit.xcodeproj; path = Vendor/RestKit/RestKit.xcodeproj; sourceTree = "<group>"; };
		3E120C5014F9F03100926A74 /* CoreData.framework */ = {isa = PBXFileReference; lastKnownFileType = wrapper.framework; name = CoreData.framework; path = System/Library/Frameworks/CoreData.framework; sourceTree = SDKROOT; };
		3E120C5214F9F04000926A74 /* MobileCoreServices.framework */ = {isa = PBXFileReference; lastKnownFileType = wrapper.framework; name = MobileCoreServices.framework; path = System/Library/Frameworks/MobileCoreServices.framework; sourceTree = SDKROOT; };
		3E120C5414F9F04B00926A74 /* Security.framework */ = {isa = PBXFileReference; lastKnownFileType = wrapper.framework; name = Security.framework; path = System/Library/Frameworks/Security.framework; sourceTree = SDKROOT; };
		3E120C5614F9F05700926A74 /* SystemConfiguration.framework */ = {isa = PBXFileReference; lastKnownFileType = wrapper.framework; name = SystemConfiguration.framework; path = System/Library/Frameworks/SystemConfiguration.framework; sourceTree = SDKROOT; };
		3E120C5814F9F06200926A74 /* QuartzCore.framework */ = {isa = PBXFileReference; lastKnownFileType = wrapper.framework; name = QuartzCore.framework; path = System/Library/Frameworks/QuartzCore.framework; sourceTree = SDKROOT; };
		3E120C5A14F9F07000926A74 /* libxml2.dylib */ = {isa = PBXFileReference; lastKnownFileType = "compiled.mach-o.dylib"; name = libxml2.dylib; path = usr/lib/libxml2.dylib; sourceTree = SDKROOT; };
		3E120C6314FA1C3900926A74 /* iOpenSongs.xcdatamodel */ = {isa = PBXFileReference; lastKnownFileType = wrapper.xcdatamodel; path = iOpenSongs.xcdatamodel; sourceTree = "<group>"; };
		3E120C6514FA270F00926A74 /* RKXMLParserLibXML.h */ = {isa = PBXFileReference; lastKnownFileType = sourcecode.c.h; path = RKXMLParserLibXML.h; sourceTree = "<group>"; };
		3E120C6614FA270F00926A74 /* RKXMLParserLibXML.m */ = {isa = PBXFileReference; lastKnownFileType = sourcecode.c.objc; path = RKXMLParserLibXML.m; sourceTree = "<group>"; };
		3E120C6814FA27B900926A74 /* RKParser.h */ = {isa = PBXFileReference; lastKnownFileType = sourcecode.c.h; path = RKParser.h; sourceTree = "<group>"; };
		3E120C6914FA287400926A74 /* Song.h */ = {isa = PBXFileReference; fileEncoding = 4; lastKnownFileType = sourcecode.c.h; path = Song.h; sourceTree = "<group>"; };
		3E120C6A14FA287400926A74 /* Song.m */ = {isa = PBXFileReference; fileEncoding = 4; lastKnownFileType = sourcecode.c.objc; path = Song.m; sourceTree = "<group>"; };
		3E120C7014FA3E2E00926A74 /* CoreDataTableViewController.h */ = {isa = PBXFileReference; lastKnownFileType = sourcecode.c.h; path = CoreDataTableViewController.h; sourceTree = "<group>"; };
		3E120C7114FA3E2F00926A74 /* CoreDataTableViewController.m */ = {isa = PBXFileReference; lastKnownFileType = sourcecode.c.objc; path = CoreDataTableViewController.m; sourceTree = "<group>"; };
		3E13C2C514EF322D00F59505 /* iPhone.storyboard */ = {isa = PBXFileReference; fileEncoding = 4; lastKnownFileType = file.storyboard; path = iPhone.storyboard; sourceTree = "<group>"; };
		3E355B8714F1E29900E49942 /* EasyTracker.plist */ = {isa = PBXFileReference; fileEncoding = 4; lastKnownFileType = text.plist.xml; path = EasyTracker.plist; sourceTree = "<group>"; };
		3E355B8A14F1E2B700E49942 /* EasyTracker.h */ = {isa = PBXFileReference; lastKnownFileType = sourcecode.c.h; path = EasyTracker.h; sourceTree = "<group>"; };
		3E355B8B14F1E2B700E49942 /* EasyTracker.m */ = {isa = PBXFileReference; lastKnownFileType = sourcecode.c.objc; path = EasyTracker.m; sourceTree = "<group>"; };
		3E355B8C14F1EC1500E49942 /* libsqlite3.dylib */ = {isa = PBXFileReference; lastKnownFileType = "compiled.mach-o.dylib"; name = libsqlite3.dylib; path = usr/lib/libsqlite3.dylib; sourceTree = SDKROOT; };
		3E355B8F14F1EC7100E49942 /* CFNetwork.framework */ = {isa = PBXFileReference; lastKnownFileType = wrapper.framework; name = CFNetwork.framework; path = System/Library/Frameworks/CFNetwork.framework; sourceTree = SDKROOT; };
		3E355B9614F1FB8A00E49942 /* ProgramIcon57.png */ = {isa = PBXFileReference; lastKnownFileType = image.png; path = ProgramIcon57.png; sourceTree = "<group>"; };
		3E358449151E100E00137FC4 /* RevealSidebarController.h */ = {isa = PBXFileReference; fileEncoding = 4; lastKnownFileType = sourcecode.c.h; path = RevealSidebarController.h; sourceTree = "<group>"; };
		3E35844A151E100E00137FC4 /* RevealSidebarController.m */ = {isa = PBXFileReference; fileEncoding = 4; lastKnownFileType = sourcecode.c.objc; path = RevealSidebarController.m; sourceTree = "<group>"; };
		3E35844C151E120F00137FC4 /* nav_menu_icon@2x.png */ = {isa = PBXFileReference; lastKnownFileType = image.png; path = "nav_menu_icon@2x.png"; sourceTree = "<group>"; };
		3E586F1514E2A8D200345743 /* ios.css */ = {isa = PBXFileReference; fileEncoding = 4; lastKnownFileType = text.css; path = ios.css; sourceTree = "<group>"; };
		3E586F1714E3389600345743 /* MessageUI.framework */ = {isa = PBXFileReference; lastKnownFileType = wrapper.framework; name = MessageUI.framework; path = System/Library/Frameworks/MessageUI.framework; sourceTree = SDKROOT; };
		3E5E878314DD7680003B645A /* HtmlViewController.h */ = {isa = PBXFileReference; fileEncoding = 4; lastKnownFileType = sourcecode.c.h; path = HtmlViewController.h; sourceTree = "<group>"; };
		3E5E878414DD7680003B645A /* HtmlViewController.m */ = {isa = PBXFileReference; fileEncoding = 4; lastKnownFileType = sourcecode.c.objc; path = HtmlViewController.m; sourceTree = "<group>"; };
		3E5E878714DE556C003B645A /* default.css */ = {isa = PBXFileReference; fileEncoding = 4; lastKnownFileType = text.css; path = default.css; sourceTree = "<group>"; };
		3E5E878A14DE61CB003B645A /* about.html */ = {isa = PBXFileReference; fileEncoding = 4; lastKnownFileType = text.html; path = about.html; sourceTree = "<group>"; };
		3E5E878C14DE6277003B645A /* help.html */ = {isa = PBXFileReference; fileEncoding = 4; lastKnownFileType = text.html; path = help.html; sourceTree = "<group>"; };
		3E5E878E14DE63B5003B645A /* ExtrasTableViewController.h */ = {isa = PBXFileReference; fileEncoding = 4; lastKnownFileType = sourcecode.c.h; path = ExtrasTableViewController.h; sourceTree = "<group>"; };
		3E5E878F14DE63B5003B645A /* ExtrasTableViewController.m */ = {isa = PBXFileReference; fileEncoding = 4; lastKnownFileType = sourcecode.c.objc; path = ExtrasTableViewController.m; sourceTree = "<group>"; };
		3E663A8B14B80BCF009F1340 /* DemoFile */ = {isa = PBXFileReference; fileEncoding = 4; lastKnownFileType = text; path = DemoFile; sourceTree = "<group>"; };
		3E663A8E14B836CD009F1340 /* SongTemplate.html */ = {isa = PBXFileReference; fileEncoding = 4; lastKnownFileType = text.html; path = SongTemplate.html; sourceTree = "<group>"; };
		3E6C47061525ECF600164540 /* ECSlidingViewController.h */ = {isa = PBXFileReference; lastKnownFileType = sourcecode.c.h; name = ECSlidingViewController.h; path = Vendor/ECSlidingViewController/ECSlidingViewController/Vendor/ECSlidingViewController/ECSlidingViewController.h; sourceTree = SOURCE_ROOT; };
		3E6C47071525ED1D00164540 /* ECSlidingViewController.m */ = {isa = PBXFileReference; fileEncoding = 4; lastKnownFileType = sourcecode.c.objc; name = ECSlidingViewController.m; path = Vendor/ECSlidingViewController/ECSlidingViewController/Vendor/ECSlidingViewController/ECSlidingViewController.m; sourceTree = SOURCE_ROOT; };
		3E6C470E1525EE2200164540 /* opensong.css */ = {isa = PBXFileReference; fileEncoding = 4; lastKnownFileType = text.css; name = opensong.css; path = Vendor/opensong.js/stylesheets/opensong.css; sourceTree = SOURCE_ROOT; };
		3E6C47101525EE2C00164540 /* jquery-1.7.1.min.js */ = {isa = PBXFileReference; fileEncoding = 4; lastKnownFileType = sourcecode.javascript; name = "jquery-1.7.1.min.js"; path = "Vendor/opensong.js/javascript/jquery-1.7.1.min.js"; sourceTree = SOURCE_ROOT; };
		3E6C47111525EE2C00164540 /* opensong.js */ = {isa = PBXFileReference; fileEncoding = 4; lastKnownFileType = sourcecode.javascript; name = opensong.js; path = Vendor/opensong.js/javascript/opensong.js; sourceTree = SOURCE_ROOT; };
		3E6C47171525EEC300164540 /* UIImage+ImageWithUIView.h */ = {isa = PBXFileReference; lastKnownFileType = sourcecode.c.h; name = "UIImage+ImageWithUIView.h"; path = "Vendor/ECSlidingViewController/ECSlidingViewController/Vendor/ECSlidingViewController/UIImage+ImageWithUIView.h"; sourceTree = SOURCE_ROOT; };
		3E6C47181525EEC300164540 /* UIImage+ImageWithUIView.m */ = {isa = PBXFileReference; lastKnownFileType = sourcecode.c.objc; name = "UIImage+ImageWithUIView.m"; path = "Vendor/ECSlidingViewController/ECSlidingViewController/Vendor/ECSlidingViewController/UIImage+ImageWithUIView.m"; sourceTree = SOURCE_ROOT; };
		3E9A92391529648400AA6B57 /* ProgramIcon114.png */ = {isa = PBXFileReference; lastKnownFileType = image.png; name = ProgramIcon114.png; path = ../ProgramIcon114.png; sourceTree = "<group>"; };
		3E9A923B152964F600AA6B57 /* ProgramIcon144.png */ = {isa = PBXFileReference; lastKnownFileType = image.png; name = ProgramIcon144.png; path = ../ProgramIcon144.png; sourceTree = "<group>"; };
		3EACA52E14F14D7700519ADC /* GANTracker.h */ = {isa = PBXFileReference; lastKnownFileType = sourcecode.c.h; path = GANTracker.h; sourceTree = "<group>"; };
		3EACA52F14F14D7700519ADC /* libGoogleAnalytics.a */ = {isa = PBXFileReference; lastKnownFileType = archive.ar; path = libGoogleAnalytics.a; sourceTree = "<group>"; };
		3EDDA3FE14AEC3A400BB781C /* iOpenSongs.app */ = {isa = PBXFileReference; explicitFileType = wrapper.application; includeInIndex = 0; path = iOpenSongs.app; sourceTree = BUILT_PRODUCTS_DIR; };
		3EDDA40214AEC3A400BB781C /* UIKit.framework */ = {isa = PBXFileReference; lastKnownFileType = wrapper.framework; name = UIKit.framework; path = System/Library/Frameworks/UIKit.framework; sourceTree = SDKROOT; };
		3EDDA40414AEC3A400BB781C /* Foundation.framework */ = {isa = PBXFileReference; lastKnownFileType = wrapper.framework; name = Foundation.framework; path = System/Library/Frameworks/Foundation.framework; sourceTree = SDKROOT; };
		3EDDA40614AEC3A400BB781C /* CoreGraphics.framework */ = {isa = PBXFileReference; lastKnownFileType = wrapper.framework; name = CoreGraphics.framework; path = System/Library/Frameworks/CoreGraphics.framework; sourceTree = SDKROOT; };
		3EDDA40A14AEC3A400BB781C /* iOpenSongs-Info.plist */ = {isa = PBXFileReference; lastKnownFileType = text.plist.xml; path = "iOpenSongs-Info.plist"; sourceTree = "<group>"; };
		3EDDA40C14AEC3A400BB781C /* en */ = {isa = PBXFileReference; lastKnownFileType = text.plist.strings; name = en; path = en.lproj/InfoPlist.strings; sourceTree = "<group>"; };
		3EDDA40E14AEC3A400BB781C /* main.m */ = {isa = PBXFileReference; lastKnownFileType = sourcecode.c.objc; path = main.m; sourceTree = "<group>"; };
		3EDDA41014AEC3A400BB781C /* iOpenSongs-Prefix.pch */ = {isa = PBXFileReference; lastKnownFileType = sourcecode.c.h; path = "iOpenSongs-Prefix.pch"; sourceTree = "<group>"; };
		3EDDA41114AEC3A400BB781C /* AppDelegate.h */ = {isa = PBXFileReference; lastKnownFileType = sourcecode.c.h; path = AppDelegate.h; sourceTree = "<group>"; };
		3EDDA41214AEC3A400BB781C /* AppDelegate.m */ = {isa = PBXFileReference; lastKnownFileType = sourcecode.c.objc; path = AppDelegate.m; sourceTree = "<group>"; };
		3EDDA41514AEC3A400BB781C /* en */ = {isa = PBXFileReference; lastKnownFileType = file.storyboard; name = en; path = en.lproj/iPad.storyboard; sourceTree = "<group>"; };
		3EDDA41714AEC3A400BB781C /* SongViewController.h */ = {isa = PBXFileReference; lastKnownFileType = sourcecode.c.h; path = SongViewController.h; sourceTree = "<group>"; };
		3EDDA41814AEC3A400BB781C /* SongViewController.m */ = {isa = PBXFileReference; lastKnownFileType = sourcecode.c.objc; path = SongViewController.m; sourceTree = "<group>"; };
		3EDDA43E14B0596B00BB781C /* ProgramIcon72.png */ = {isa = PBXFileReference; lastKnownFileType = image.png; path = ProgramIcon72.png; sourceTree = "<group>"; };
		3EDDA47814B098F700BB781C /* SongMasterViewController.h */ = {isa = PBXFileReference; fileEncoding = 4; lastKnownFileType = sourcecode.c.h; path = SongMasterViewController.h; sourceTree = "<group>"; };
		3EDDA47914B098F700BB781C /* SongMasterViewController.m */ = {isa = PBXFileReference; fileEncoding = 4; lastKnownFileType = sourcecode.c.objc; path = SongMasterViewController.m; sourceTree = "<group>"; };
		3EE891951521B52D001DA59A /* glyphicons_023_cogwheels@2x.png */ = {isa = PBXFileReference; lastKnownFileType = image.png; name = "glyphicons_023_cogwheels@2x.png"; path = "Vendor/glyphicons/glyphicons_023_cogwheels@2x.png"; sourceTree = SOURCE_ROOT; };
		3EE891971521B53E001DA59A /* glyphicons_017_music@2x.png */ = {isa = PBXFileReference; lastKnownFileType = image.png; name = "glyphicons_017_music@2x.png"; path = "Vendor/glyphicons/glyphicons_017_music@2x.png"; sourceTree = SOURCE_ROOT; };
		3EE891AB1521B9DE001DA59A /* glyphicons_017_music.png */ = {isa = PBXFileReference; lastKnownFileType = image.png; name = glyphicons_017_music.png; path = Vendor/glyphicons/glyphicons_017_music.png; sourceTree = SOURCE_ROOT; };
		3EE891B01521BBA9001DA59A /* StyleViewController.h */ = {isa = PBXFileReference; fileEncoding = 4; lastKnownFileType = sourcecode.c.h; path = StyleViewController.h; sourceTree = "<group>"; };
		3EE891B11521BBA9001DA59A /* StyleViewController.m */ = {isa = PBXFileReference; fileEncoding = 4; lastKnownFileType = sourcecode.c.objc; path = StyleViewController.m; sourceTree = "<group>"; };
		3EE891B31521C329001DA59A /* glyphicons_023_cogwheels.png */ = {isa = PBXFileReference; lastKnownFileType = image.png; name = glyphicons_023_cogwheels.png; path = Vendor/glyphicons/glyphicons_023_cogwheels.png; sourceTree = SOURCE_ROOT; };
		3EF00CAC153E5F3E000A0C73 /* glyphicons_322_twitter.png */ = {isa = PBXFileReference; lastKnownFileType = image.png; name = glyphicons_322_twitter.png; path = Vendor/glyphicons/glyphicons_322_twitter.png; sourceTree = SOURCE_ROOT; };
		3EF00CAD153E5F3E000A0C73 /* glyphicons_322_twitter@2x.png */ = {isa = PBXFileReference; lastKnownFileType = image.png; name = "glyphicons_322_twitter@2x.png"; path = "Vendor/glyphicons/glyphicons_322_twitter@2x.png"; sourceTree = SOURCE_ROOT; };
		3EF00CB0153E5F9C000A0C73 /* glyphicons_329_e-mail.png */ = {isa = PBXFileReference; lastKnownFileType = image.png; name = "glyphicons_329_e-mail.png"; path = "Vendor/glyphicons/glyphicons_329_e-mail.png"; sourceTree = SOURCE_ROOT; };
		3EF00CB1153E5F9C000A0C73 /* glyphicons_329_e-mail@2x.png */ = {isa = PBXFileReference; lastKnownFileType = image.png; name = "glyphicons_329_e-mail@2x.png"; path = "Vendor/glyphicons/glyphicons_329_e-mail@2x.png"; sourceTree = SOURCE_ROOT; };
		3EF53A271525DD3D0073FB57 /* README.md */ = {isa = PBXFileReference; fileEncoding = 4; lastKnownFileType = text; name = README.md; path = Vendor/opensong.js/README.md; sourceTree = SOURCE_ROOT; };
/* End PBXFileReference section */

/* Begin PBXFrameworksBuildPhase section */
		3EDDA3FB14AEC3A400BB781C /* Frameworks */ = {
			isa = PBXFrameworksBuildPhase;
			buildActionMask = 2147483647;
			files = (
				3E0AFE5B15331A0000B45224 /* libz.dylib in Frameworks */,
				3E35843B151E08C500137FC4 /* QuartzCore.framework in Frameworks */,
				3E120C5114F9F03100926A74 /* CoreData.framework in Frameworks */,
				3E120C5714F9F05700926A74 /* SystemConfiguration.framework in Frameworks */,
				3E120C5514F9F04B00926A74 /* Security.framework in Frameworks */,
				3E120C5314F9F04000926A74 /* MobileCoreServices.framework in Frameworks */,
				3EDDA40314AEC3A400BB781C /* UIKit.framework in Frameworks */,
				3EDDA40514AEC3A400BB781C /* Foundation.framework in Frameworks */,
				3EDDA40714AEC3A400BB781C /* CoreGraphics.framework in Frameworks */,
				3E586F1914E33B7000345743 /* MessageUI.framework in Frameworks */,
				3E355B9014F1EC7100E49942 /* CFNetwork.framework in Frameworks */,
				3E120C5B14F9F07000926A74 /* libxml2.dylib in Frameworks */,
				3E355B8D14F1EC1500E49942 /* libsqlite3.dylib in Frameworks */,
				3E355B8E14F1EC3C00E49942 /* libGoogleAnalytics.a in Frameworks */,
				3E0AFE581533197D00B45224 /* libTestFlight.a in Frameworks */,
			);
			runOnlyForDeploymentPostprocessing = 0;
		};
/* End PBXFrameworksBuildPhase section */

/* Begin PBXGroup section */
		3E0AFE591533199000B45224 /* TestFlight SDK */ = {
			isa = PBXGroup;
			children = (
				3E0AFE5C15331A0800B45224 /* Frameworks */,
				3E0AFE561533197D00B45224 /* libTestFlight.a */,
				3E0AFE571533197D00B45224 /* TestFlight.h */,
			);
			name = "TestFlight SDK";
			sourceTree = "<group>";
		};
		3E0AFE5C15331A0800B45224 /* Frameworks */ = {
			isa = PBXGroup;
			children = (
				3E0AFE5A15331A0000B45224 /* libz.dylib */,
			);
			name = Frameworks;
			sourceTree = "<group>";
		};
		3E120C5C14F9F0CA00926A74 /* RestKit */ = {
			isa = PBXGroup;
			children = (
				3E120C5D14F9F0D900926A74 /* Frameworks */,
				3E120C3B14F9EF2000926A74 /* RestKit.xcodeproj */,
			);
			name = RestKit;
			path = ..;
			sourceTree = "<group>";
		};
		3E120C5D14F9F0D900926A74 /* Frameworks */ = {
			isa = PBXGroup;
			children = (
				3E120C5A14F9F07000926A74 /* libxml2.dylib */,
				3E120C5614F9F05700926A74 /* SystemConfiguration.framework */,
				3E120C5414F9F04B00926A74 /* Security.framework */,
				3E120C5214F9F04000926A74 /* MobileCoreServices.framework */,
			);
			name = Frameworks;
			sourceTree = "<group>";
		};
		3E120C5E14F9F16300926A74 /* Frameworks */ = {
			isa = PBXGroup;
			children = (
				3E355B8C14F1EC1500E49942 /* libsqlite3.dylib */,
			);
			name = Frameworks;
			sourceTree = "<group>";
		};
		3E120C6714FA276700926A74 /* Parsers */ = {
			isa = PBXGroup;
			children = (
				3E120C6814FA27B900926A74 /* RKParser.h */,
				3E120C6514FA270F00926A74 /* RKXMLParserLibXML.h */,
				3E120C6614FA270F00926A74 /* RKXMLParserLibXML.m */,
			);
			name = Parsers;
			sourceTree = "<group>";
		};
		3E35842F151D2FB900137FC4 /* Vendor */ = {
			isa = PBXGroup;
			children = (
				3E0AFE591533199000B45224 /* TestFlight SDK */,
				3EACA53114F14D7C00519ADC /* Google Analytics SDK */,
				3ECF7F2415233FFF0061457B /* ECSlidingViewController */,
				3E120C5C14F9F0CA00926A74 /* RestKit */,
				3E120C7014FA3E2E00926A74 /* CoreDataTableViewController.h */,
				3E120C7114FA3E2F00926A74 /* CoreDataTableViewController.m */,
			);
			name = Vendor;
			path = OpenSongView;
			sourceTree = "<group>";
		};
		3E5E878914DE6166003B645A /* HTML */ = {
			isa = PBXGroup;
			children = (
				3E586F1514E2A8D200345743 /* ios.css */,
				3E5E878A14DE61CB003B645A /* about.html */,
				3E5E878C14DE6277003B645A /* help.html */,
			);
			name = HTML;
			sourceTree = "<group>";
		};
		3E663A9014B88ECF009F1340 /* Song Rendering */ = {
			isa = PBXGroup;
			children = (
				3EF53A231525DD240073FB57 /* opensong.js */,
				3E5E878714DE556C003B645A /* default.css */,
				3E663A8E14B836CD009F1340 /* SongTemplate.html */,
			);
			name = "Song Rendering";
			sourceTree = "<group>";
		};
		3E73C6621525E0E800AA1B9C /* Products */ = {
			isa = PBXGroup;
			children = (
				3E73C6691525E0E800AA1B9C /* libRestKit.a */,
				3E73C66B1525E0E800AA1B9C /* RestKitTests.octest */,
				3E73C66D1525E0E800AA1B9C /* RestKit.framework */,
				3E73C66F1525E0E800AA1B9C /* RestKitFrameworkTests.octest */,
			);
			name = Products;
			sourceTree = "<group>";
		};
		3EACA53114F14D7C00519ADC /* Google Analytics SDK */ = {
			isa = PBXGroup;
			children = (
				3E120C5E14F9F16300926A74 /* Frameworks */,
				3E355B8714F1E29900E49942 /* EasyTracker.plist */,
				3E355B8A14F1E2B700E49942 /* EasyTracker.h */,
				3E355B8B14F1E2B700E49942 /* EasyTracker.m */,
				3EACA52E14F14D7700519ADC /* GANTracker.h */,
				3EACA52F14F14D7700519ADC /* libGoogleAnalytics.a */,
			);
			name = "Google Analytics SDK";
			sourceTree = "<group>";
		};
		3ECF7F1A1522B4D10061457B /* Glyphicons */ = {
			isa = PBXGroup;
			children = (
				3EF00CB0153E5F9C000A0C73 /* glyphicons_329_e-mail.png */,
				3EF00CB1153E5F9C000A0C73 /* glyphicons_329_e-mail@2x.png */,
				3EF00CAC153E5F3E000A0C73 /* glyphicons_322_twitter.png */,
				3EF00CAD153E5F3E000A0C73 /* glyphicons_322_twitter@2x.png */,
				3EE891B31521C329001DA59A /* glyphicons_023_cogwheels.png */,
				3EE891AB1521B9DE001DA59A /* glyphicons_017_music.png */,
				3EE891951521B52D001DA59A /* glyphicons_023_cogwheels@2x.png */,
				3EE891971521B53E001DA59A /* glyphicons_017_music@2x.png */,
			);
			name = Glyphicons;
			sourceTree = "<group>";
		};
		3ECF7F2415233FFF0061457B /* ECSlidingViewController */ = {
			isa = PBXGroup;
			children = (
				3E6C47061525ECF600164540 /* ECSlidingViewController.h */,
				3E6C47071525ED1D00164540 /* ECSlidingViewController.m */,
				3E6C47171525EEC300164540 /* UIImage+ImageWithUIView.h */,
				3E6C47181525EEC300164540 /* UIImage+ImageWithUIView.m */,
			);
			path = ECSlidingViewController;
			sourceTree = "<group>";
		};
		3EDDA3F314AEC3A300BB781C = {
			isa = PBXGroup;
			children = (
				3EDDA40814AEC3A400BB781C /* iOpenSongs */,
				3E35842F151D2FB900137FC4 /* Vendor */,
				3EDDA40114AEC3A400BB781C /* Frameworks */,
				3EDDA3FF14AEC3A400BB781C /* Products */,
			);
			sourceTree = "<group>";
		};
		3EDDA3FF14AEC3A400BB781C /* Products */ = {
			isa = PBXGroup;
			children = (
				3EDDA3FE14AEC3A400BB781C /* iOpenSongs.app */,
			);
			name = Products;
			sourceTree = "<group>";
		};
		3EDDA40114AEC3A400BB781C /* Frameworks */ = {
			isa = PBXGroup;
			children = (
				3E120C5814F9F06200926A74 /* QuartzCore.framework */,
				3E355B8F14F1EC7100E49942 /* CFNetwork.framework */,
				3E120C5014F9F03100926A74 /* CoreData.framework */,
				3E586F1714E3389600345743 /* MessageUI.framework */,
				3EDDA40214AEC3A400BB781C /* UIKit.framework */,
				3EDDA40414AEC3A400BB781C /* Foundation.framework */,
				3EDDA40614AEC3A400BB781C /* CoreGraphics.framework */,
			);
			name = Frameworks;
			sourceTree = "<group>";
		};
		3EDDA40814AEC3A400BB781C /* iOpenSongs */ = {
			isa = PBXGroup;
			children = (
				3E0AFE551533183C00B45224 /* iOpenSongs.entitlements */,
				3EE891AF1521BB50001DA59A /* Categories */,
				3EDDA41414AEC3A400BB781C /* iPad.storyboard */,
				3E13C2C514EF322D00F59505 /* iPhone.storyboard */,
				3EFBED3814DF7ADD008EF01D /* Model */,
				3EDDA41114AEC3A400BB781C /* AppDelegate.h */,
				3EDDA41214AEC3A400BB781C /* AppDelegate.m */,
				3E358449151E100E00137FC4 /* RevealSidebarController.h */,
				3E35844A151E100E00137FC4 /* RevealSidebarController.m */,
				3EDDA47814B098F700BB781C /* SongMasterViewController.h */,
				3EDDA47914B098F700BB781C /* SongMasterViewController.m */,
				3EDDA41714AEC3A400BB781C /* SongViewController.h */,
				3EDDA41814AEC3A400BB781C /* SongViewController.m */,
				3EE891B01521BBA9001DA59A /* StyleViewController.h */,
				3EE891B11521BBA9001DA59A /* StyleViewController.m */,
				3E5E878314DD7680003B645A /* HtmlViewController.h */,
				3E5E878414DD7680003B645A /* HtmlViewController.m */,
				3E5E878E14DE63B5003B645A /* ExtrasTableViewController.h */,
				3E5E878F14DE63B5003B645A /* ExtrasTableViewController.m */,
				3E663A9014B88ECF009F1340 /* Song Rendering */,
				3EDDA40914AEC3A400BB781C /* Supporting Files */,
			);
			name = iOpenSongs;
			path = OpenSongView;
			sourceTree = "<group>";
		};
		3EDDA40914AEC3A400BB781C /* Supporting Files */ = {
			isa = PBXGroup;
			children = (
				3ECF7F1A1522B4D10061457B /* Glyphicons */,
				3E5E878914DE6166003B645A /* HTML */,
				3E355B9614F1FB8A00E49942 /* ProgramIcon57.png */,
				3EDDA43E14B0596B00BB781C /* ProgramIcon72.png */,
				3E9A92391529648400AA6B57 /* ProgramIcon114.png */,
				3E9A923B152964F600AA6B57 /* ProgramIcon144.png */,
				3E35844C151E120F00137FC4 /* nav_menu_icon@2x.png */,
				3EDDA40A14AEC3A400BB781C /* iOpenSongs-Info.plist */,
				3EDDA40B14AEC3A400BB781C /* InfoPlist.strings */,
				3EDDA40E14AEC3A400BB781C /* main.m */,
				3EDDA41014AEC3A400BB781C /* iOpenSongs-Prefix.pch */,
				3E663A8B14B80BCF009F1340 /* DemoFile */,
			);
			name = "Supporting Files";
			sourceTree = "<group>";
		};
		3EE891AF1521BB50001DA59A /* Categories */ = {
			isa = PBXGroup;
			children = (
				3E120C3414F9203900926A74 /* NSString+JavaScript.h */,
				3E120C3514F9203900926A74 /* NSString+JavaScript.m */,
			);
			name = Categories;
			sourceTree = "<group>";
		};
		3EF53A231525DD240073FB57 /* opensong.js */ = {
			isa = PBXGroup;
			children = (
				3EF53A241525DD3D0073FB57 /* javascript */,
				3EF53A271525DD3D0073FB57 /* README.md */,
				3EF53A281525DD3D0073FB57 /* stylesheets */,
			);
			name = opensong.js;
			sourceTree = "<group>";
		};
		3EF53A241525DD3D0073FB57 /* javascript */ = {
			isa = PBXGroup;
			children = (
				3E6C47101525EE2C00164540 /* jquery-1.7.1.min.js */,
				3E6C47111525EE2C00164540 /* opensong.js */,
			);
			name = javascript;
			path = opensong.js/javascript;
			sourceTree = SOURCE_ROOT;
		};
		3EF53A281525DD3D0073FB57 /* stylesheets */ = {
			isa = PBXGroup;
			children = (
				3E6C470E1525EE2200164540 /* opensong.css */,
			);
			name = stylesheets;
			path = opensong.js/stylesheets;
			sourceTree = SOURCE_ROOT;
		};
		3EFBED3814DF7ADD008EF01D /* Model */ = {
			isa = PBXGroup;
			children = (
				3E120C6714FA276700926A74 /* Parsers */,
				3E120C6914FA287400926A74 /* Song.h */,
				3E120C6A14FA287400926A74 /* Song.m */,
				3E120C6214FA1C3900926A74 /* iOpenSongs.xcdatamodeld */,
				3E120C3014F91DD400926A74 /* Song+OpenSong.h */,
				3E120C3114F91DD400926A74 /* Song+OpenSong.m */,
			);
			name = Model;
			sourceTree = "<group>";
		};
/* End PBXGroup section */

/* Begin PBXNativeTarget section */
		3EDDA3FD14AEC3A400BB781C /* iOpenSongs */ = {
			isa = PBXNativeTarget;
			buildConfigurationList = 3EDDA41C14AEC3A400BB781C /* Build configuration list for PBXNativeTarget "iOpenSongs" */;
			buildPhases = (
				3EDDA3FA14AEC3A400BB781C /* Sources */,
				3EDDA3FB14AEC3A400BB781C /* Frameworks */,
				3E3F2FB6153FB9AC0022C741 /* ShellScript */,
				3EDDA3FC14AEC3A400BB781C /* Resources */,
			);
			buildRules = (
			);
			dependencies = (
			);
			name = iOpenSongs;
			productName = OpenSongView;
			productReference = 3EDDA3FE14AEC3A400BB781C /* iOpenSongs.app */;
			productType = "com.apple.product-type.application";
		};
/* End PBXNativeTarget section */

/* Begin PBXProject section */
		3EDDA3F514AEC3A300BB781C /* Project object */ = {
			isa = PBXProject;
			attributes = {
				LastUpgradeCheck = 0430;
				ORGANIZATIONNAME = "Andreas Boehrnsen";
			};
			buildConfigurationList = 3EDDA3F814AEC3A300BB781C /* Build configuration list for PBXProject "iOpenSongs" */;
			compatibilityVersion = "Xcode 3.2";
			developmentRegion = English;
			hasScannedForEncodings = 0;
			knownRegions = (
				en,
			);
			mainGroup = 3EDDA3F314AEC3A300BB781C;
			productRefGroup = 3EDDA3FF14AEC3A400BB781C /* Products */;
			projectDirPath = "";
			projectReferences = (
				{
					ProductGroup = 3E73C6621525E0E800AA1B9C /* Products */;
					ProjectRef = 3E120C3B14F9EF2000926A74 /* RestKit.xcodeproj */;
				},
			);
			projectRoot = "";
			targets = (
				3EDDA3FD14AEC3A400BB781C /* iOpenSongs */,
			);
		};
/* End PBXProject section */

/* Begin PBXReferenceProxy section */
		3E73C6691525E0E800AA1B9C /* libRestKit.a */ = {
			isa = PBXReferenceProxy;
			fileType = archive.ar;
			path = libRestKit.a;
			remoteRef = 3E73C6681525E0E800AA1B9C /* PBXContainerItemProxy */;
			sourceTree = BUILT_PRODUCTS_DIR;
		};
		3E73C66B1525E0E800AA1B9C /* RestKitTests.octest */ = {
			isa = PBXReferenceProxy;
			fileType = wrapper.cfbundle;
			path = RestKitTests.octest;
			remoteRef = 3E73C66A1525E0E800AA1B9C /* PBXContainerItemProxy */;
			sourceTree = BUILT_PRODUCTS_DIR;
		};
		3E73C66D1525E0E800AA1B9C /* RestKit.framework */ = {
			isa = PBXReferenceProxy;
			fileType = wrapper.framework;
			path = RestKit.framework;
			remoteRef = 3E73C66C1525E0E800AA1B9C /* PBXContainerItemProxy */;
			sourceTree = BUILT_PRODUCTS_DIR;
		};
		3E73C66F1525E0E800AA1B9C /* RestKitFrameworkTests.octest */ = {
			isa = PBXReferenceProxy;
			fileType = wrapper.cfbundle;
			path = RestKitFrameworkTests.octest;
			remoteRef = 3E73C66E1525E0E800AA1B9C /* PBXContainerItemProxy */;
			sourceTree = BUILT_PRODUCTS_DIR;
		};
/* End PBXReferenceProxy section */

/* Begin PBXResourcesBuildPhase section */
		3EDDA3FC14AEC3A400BB781C /* Resources */ = {
			isa = PBXResourcesBuildPhase;
			buildActionMask = 2147483647;
			files = (
				3EDDA41614AEC3A400BB781C /* iPad.storyboard in Resources */,
				3E13C2C614EF322D00F59505 /* iPhone.storyboard in Resources */,
				3E355B8814F1E29900E49942 /* EasyTracker.plist in Resources */,
				3EDDA40D14AEC3A400BB781C /* InfoPlist.strings in Resources */,
				3E6C47141525EE4400164540 /* jquery-1.7.1.min.js in Resources */,
				3E6C47151525EE4400164540 /* opensong.js in Resources */,
				3E6C470F1525EE2200164540 /* opensong.css in Resources */,
				3E5E878814DE556C003B645A /* default.css in Resources */,
				3E586F1614E2A8D200345743 /* ios.css in Resources */,
				3E663A8C14B80BCF009F1340 /* DemoFile in Resources */,
				3E663A8F14B836CD009F1340 /* SongTemplate.html in Resources */,
				3E5E878B14DE61CB003B645A /* about.html in Resources */,
				3E5E878D14DE6277003B645A /* help.html in Resources */,
				3E355B9714F1FB8A00E49942 /* ProgramIcon57.png in Resources */,
				3EDDA43F14B0596B00BB781C /* ProgramIcon72.png in Resources */,
				3E9A923A1529648400AA6B57 /* ProgramIcon114.png in Resources */,
				3E9A923C152964F600AA6B57 /* ProgramIcon144.png in Resources */,
				3E35844D151E120F00137FC4 /* nav_menu_icon@2x.png in Resources */,
				3EE891961521B52D001DA59A /* glyphicons_023_cogwheels@2x.png in Resources */,
				3EE891991521B53E001DA59A /* glyphicons_017_music@2x.png in Resources */,
				3EE891AD1521B9DE001DA59A /* glyphicons_017_music.png in Resources */,
				3EE891B51521C329001DA59A /* glyphicons_023_cogwheels.png in Resources */,
				3EF00CAE153E5F3E000A0C73 /* glyphicons_322_twitter.png in Resources */,
				3EF00CAF153E5F3E000A0C73 /* glyphicons_322_twitter@2x.png in Resources */,
				3EF00CB2153E5F9C000A0C73 /* glyphicons_329_e-mail.png in Resources */,
				3EF00CB3153E5F9C000A0C73 /* glyphicons_329_e-mail@2x.png in Resources */,
			);
			runOnlyForDeploymentPostprocessing = 0;
		};
/* End PBXResourcesBuildPhase section */

/* Begin PBXShellScriptBuildPhase section */
		3E3F2FB6153FB9AC0022C741 /* ShellScript */ = {
			isa = PBXShellScriptBuildPhase;
			buildActionMask = 2147483647;
			files = (
			);
			inputPaths = (
			);
			outputPaths = (
			);
			runOnlyForDeploymentPostprocessing = 0;
			shellPath = /bin/sh;
			shellScript = "#!/bin/bash    \nbuildNumber=`git log --pretty=format:'%h' -n 1`\n/usr/libexec/PlistBuddy -c \"Set :CFBundleVersion $buildNumber\" \"$INFOPLIST_FILE\"";
		};
/* End PBXShellScriptBuildPhase section */

/* Begin PBXSourcesBuildPhase section */
		3EDDA3FA14AEC3A400BB781C /* Sources */ = {
			isa = PBXSourcesBuildPhase;
			buildActionMask = 2147483647;
			files = (
				3E120C6414FA1C3900926A74 /* iOpenSongs.xcdatamodeld in Sources */,
				3EDDA40F14AEC3A400BB781C /* main.m in Sources */,
				3E120C3614F9203900926A74 /* NSString+JavaScript.m in Sources */,
				3E6C470A1525EDAA00164540 /* RKXMLParserLibXML.m in Sources */,
				3E6C47191525EF0200164540 /* UIImage+ImageWithUIView.m in Sources */,
				3E6C47091525ED4A00164540 /* ECSlidingViewController.m in Sources */,
				3E35844B151E100E00137FC4 /* RevealSidebarController.m in Sources */,
				3EDDA41314AEC3A400BB781C /* AppDelegate.m in Sources */,
				3E355B9114F1EC9900E49942 /* EasyTracker.m in Sources */,
				3E120C7214FB064900926A74 /* CoreDataTableViewController.m in Sources */,
				3EDDA41914AEC3A400BB781C /* SongViewController.m in Sources */,
				3EDDA47A14B098F700BB781C /* SongMasterViewController.m in Sources */,
				3E5E878514DD7680003B645A /* HtmlViewController.m in Sources */,
				3E5E879014DE63B5003B645A /* ExtrasTableViewController.m in Sources */,
				3E120C3214F91DD400926A74 /* Song+OpenSong.m in Sources */,
				3E120C6B14FA287400926A74 /* Song.m in Sources */,
				3EE891B21521BBA9001DA59A /* StyleViewController.m in Sources */,
			);
			runOnlyForDeploymentPostprocessing = 0;
		};
/* End PBXSourcesBuildPhase section */

/* Begin PBXVariantGroup section */
		3EDDA40B14AEC3A400BB781C /* InfoPlist.strings */ = {
			isa = PBXVariantGroup;
			children = (
				3EDDA40C14AEC3A400BB781C /* en */,
			);
			name = InfoPlist.strings;
			sourceTree = "<group>";
		};
		3EDDA41414AEC3A400BB781C /* iPad.storyboard */ = {
			isa = PBXVariantGroup;
			children = (
				3EDDA41514AEC3A400BB781C /* en */,
			);
			name = iPad.storyboard;
			sourceTree = "<group>";
		};
/* End PBXVariantGroup section */

/* Begin XCBuildConfiguration section */
		3EDDA41A14AEC3A400BB781C /* Debug */ = {
			isa = XCBuildConfiguration;
			buildSettings = {
				ALWAYS_SEARCH_USER_PATHS = NO;
				ARCHS = "$(ARCHS_STANDARD_32_BIT)";
				CLANG_ENABLE_OBJC_ARC = YES;
				"CODE_SIGN_IDENTITY[sdk=iphoneos*]" = "iPhone Developer";
				COPY_PHASE_STRIP = NO;
				GCC_C_LANGUAGE_STANDARD = gnu99;
				GCC_DYNAMIC_NO_PIC = NO;
				GCC_OPTIMIZATION_LEVEL = 0;
				GCC_PREPROCESSOR_DEFINITIONS = (
					"DEBUG=1",
					"$(inherited)",
				);
				GCC_SYMBOLS_PRIVATE_EXTERN = NO;
				GCC_VERSION = com.apple.compilers.llvm.clang.1_0;
				GCC_WARN_ABOUT_MISSING_PROTOTYPES = YES;
				GCC_WARN_ABOUT_RETURN_TYPE = YES;
				GCC_WARN_UNUSED_VARIABLE = YES;
				IPHONEOS_DEPLOYMENT_TARGET = 5.0;
				SDKROOT = iphoneos;
				TARGETED_DEVICE_FAMILY = 2;
			};
			name = Debug;
		};
		3EDDA41B14AEC3A400BB781C /* Release */ = {
			isa = XCBuildConfiguration;
			buildSettings = {
				ALWAYS_SEARCH_USER_PATHS = NO;
				ARCHS = "$(ARCHS_STANDARD_32_BIT)";
				CLANG_ENABLE_OBJC_ARC = YES;
				CODE_SIGN_IDENTITY = "iPhone Distribution";
				"CODE_SIGN_IDENTITY[sdk=iphoneos*]" = "iPhone Distribution";
				COPY_PHASE_STRIP = YES;
				GCC_C_LANGUAGE_STANDARD = gnu99;
				GCC_VERSION = com.apple.compilers.llvm.clang.1_0;
				GCC_WARN_ABOUT_MISSING_PROTOTYPES = YES;
				GCC_WARN_ABOUT_RETURN_TYPE = YES;
				GCC_WARN_UNUSED_VARIABLE = YES;
				IPHONEOS_DEPLOYMENT_TARGET = 5.0;
				OTHER_CFLAGS = "-DNS_BLOCK_ASSERTIONS=1";
				PROVISIONING_PROFILE = "";
				"PROVISIONING_PROFILE[sdk=iphoneos*]" = "";
				SDKROOT = iphoneos;
				TARGETED_DEVICE_FAMILY = 2;
				VALIDATE_PRODUCT = YES;
			};
			name = Release;
		};
		3EDDA41D14AEC3A400BB781C /* Debug */ = {
			isa = XCBuildConfiguration;
			buildSettings = {
				CODE_SIGN_ENTITLEMENTS = iOpenSongs.entitlements;
				CODE_SIGN_IDENTITY = "";
				"CODE_SIGN_IDENTITY[sdk=iphoneos*]" = "iPhone Developer: Andreas Boehrnsen (43KPWYDDYQ)";
				FRAMEWORK_SEARCH_PATHS = (
					"$(inherited)",
					"\"$(SRCROOT)\"",
					"\"$(SRCROOT)/OpenSongView\"",
				);
				GCC_PRECOMPILE_PREFIX_HEADER = YES;
				GCC_PREFIX_HEADER = "OpenSongView/iOpenSongs-Prefix.pch";
				HEADER_SEARCH_PATHS = "$(SDKROOT)/usr/include/libxml2/**";
				INFOPLIST_FILE = "OpenSongView/iOpenSongs-Info.plist";
				IPHONEOS_DEPLOYMENT_TARGET = 5.0;
				LIBRARY_SEARCH_PATHS = (
					"$(inherited)",
					"\"$(SRCROOT)/OpenSongView\"",
					"\"$(SRCROOT)/Vendor/TestFlightSDK\"",
				);
				PRODUCT_NAME = iOpenSongs;
				"PROVISIONING_PROFILE[sdk=iphoneos*]" = "6369156E-3BDD-4DDE-B506-202F6A01F422";
				SKIP_INSTALL = NO;
				TARGETED_DEVICE_FAMILY = "1,2";
				USER_HEADER_SEARCH_PATHS = "";
				WRAPPER_EXTENSION = app;
			};
			name = Debug;
		};
		3EDDA41E14AEC3A400BB781C /* Release */ = {
			isa = XCBuildConfiguration;
			buildSettings = {
				CODE_SIGN_ENTITLEMENTS = iOpenSongs.entitlements;
				CODE_SIGN_IDENTITY = "";
				"CODE_SIGN_IDENTITY[sdk=iphoneos*]" = "iPhone Developer";
				FRAMEWORK_SEARCH_PATHS = (
					"$(inherited)",
					"\"$(SRCROOT)\"",
					"\"$(SRCROOT)/OpenSongView\"",
				);
				GCC_PRECOMPILE_PREFIX_HEADER = YES;
				GCC_PREFIX_HEADER = "OpenSongView/iOpenSongs-Prefix.pch";
				HEADER_SEARCH_PATHS = "$(SDKROOT)/usr/include/libxml2/**";
				INFOPLIST_FILE = "OpenSongView/iOpenSongs-Info.plist";
				IPHONEOS_DEPLOYMENT_TARGET = 5.0;
				LIBRARY_SEARCH_PATHS = (
					"$(inherited)",
					"\"$(SRCROOT)/OpenSongView\"",
					"\"$(SRCROOT)/Vendor/TestFlightSDK\"",
				);
				PRODUCT_NAME = iOpenSongs;
				"PROVISIONING_PROFILE[sdk=iphoneos*]" = "";
				SKIP_INSTALL = NO;
				TARGETED_DEVICE_FAMILY = "1,2";
				USER_HEADER_SEARCH_PATHS = "";
				WRAPPER_EXTENSION = app;
			};
			name = Release;
		};
/* End XCBuildConfiguration section */

/* Begin XCConfigurationList section */
		3EDDA3F814AEC3A300BB781C /* Build configuration list for PBXProject "iOpenSongs" */ = {
			isa = XCConfigurationList;
			buildConfigurations = (
				3EDDA41A14AEC3A400BB781C /* Debug */,
				3EDDA41B14AEC3A400BB781C /* Release */,
			);
			defaultConfigurationIsVisible = 0;
			defaultConfigurationName = Release;
		};
		3EDDA41C14AEC3A400BB781C /* Build configuration list for PBXNativeTarget "iOpenSongs" */ = {
			isa = XCConfigurationList;
			buildConfigurations = (
				3EDDA41D14AEC3A400BB781C /* Debug */,
				3EDDA41E14AEC3A400BB781C /* Release */,
			);
			defaultConfigurationIsVisible = 0;
			defaultConfigurationName = Release;
		};
/* End XCConfigurationList section */

/* Begin XCVersionGroup section */
		3E120C6214FA1C3900926A74 /* iOpenSongs.xcdatamodeld */ = {
			isa = XCVersionGroup;
			children = (
				3E120C6314FA1C3900926A74 /* iOpenSongs.xcdatamodel */,
			);
			currentVersion = 3E120C6314FA1C3900926A74 /* iOpenSongs.xcdatamodel */;
			path = iOpenSongs.xcdatamodeld;
			sourceTree = "<group>";
			versionGroupType = wrapper.xcdatamodel;
		};
/* End XCVersionGroup section */
	};
	rootObject = 3EDDA3F514AEC3A300BB781C /* Project object */;
}
